
Microsoft Visual Studio Solution File, Format Version 12.00
Project("{2150E333-8FDC-42A3-9474-1A3956D46DE8}") = "src", "src", "{D1D026D7-6C73-42EF-BBBD-5FAB46B7D22A}"
EndProject
Project("{2150E333-8FDC-42A3-9474-1A3956D46DE8}") = "Framework", "Framework", "{47BA5DAD-E523-41C2-93BA-1DC9020578B6}"
EndProject
Project("{2150E333-8FDC-42A3-9474-1A3956D46DE8}") = "CodeExecution", "CodeExecution", "{E1550E7E-FCF7-40FB-9460-DC627B515100}"
EndProject
Project("{FAE04EC0-301F-11D3-BF4B-00C04F79EFBC}") = "InterviewSimulator.API", "InterviewSimulator.API\InterviewSimulator.API.csproj", "{74B9BEED-078D-4CD5-9012-6B4FB59EE464}"
EndProject
Project("{FAE04EC0-301F-11D3-BF4B-00C04F79EFBC}") = "CodeExecution.Domain", "CodeExecution.Domain\CodeExecution.Domain.csproj", "{2A0A1BB9-54C4-49A5-9E46-79AA9F770A08}"
EndProject
Project("{FAE04EC0-301F-11D3-BF4B-00C04F79EFBC}") = "CodeExecution.UseCases", "CodeExecution.UseCases\CodeExecution.UseCases.csproj", "{9D2F6B93-A35B-425E-8087-CCBD134A241F}"
EndProject
Project("{FAE04EC0-301F-11D3-BF4B-00C04F79EFBC}") = "CodeExecution.Infrastructure.Interfaces.CodeExecution", "CodeExecution.Infrastructure.Interfaces.CodeExecution\CodeExecution.Infrastructure.Interfaces.CodeExecution.csproj", "{CCCE6447-AFBA-4CA6-9AB9-94133FB893D1}"
EndProject
Project("{FAE04EC0-301F-11D3-BF4B-00C04F79EFBC}") = "CodeExecution.Infrastructure.Implementation.CodeExecution.Docker", "CodeExecution.Infrastructure.Implementation.CodeExecution.Docker\CodeExecution.Infrastructure.Implementation.CodeExecution.Docker.csproj", "{5D26C2A5-17A5-4D42-AE19-0B349B2A0F4B}"
EndProject
Project("{FAE04EC0-301F-11D3-BF4B-00C04F79EFBC}") = "Framework.Domain", "Framework.Domain\Framework.Domain.csproj", "{0946C7CF-71B2-4804-A636-E381C950AF67}"
EndProject
Project("{2150E333-8FDC-42A3-9474-1A3956D46DE8}") = "tests", "tests", "{D1F2D9F1-72B4-4C68-AC17-B3B74E74B089}"
EndProject
Project("{FAE04EC0-301F-11D3-BF4B-00C04F79EFBC}") = "Framework.Presentation", "Framework.Presentation\Framework.Presentation.csproj", "{E6F54C2C-36C6-4ACC-A7C5-400FA95DDB8C}"
EndProject
Project("{FAE04EC0-301F-11D3-BF4B-00C04F79EFBC}") = "CodeExecution.Presentation", "CodeExecution.Presentation\CodeExecution.Presentation.csproj", "{C58FEBDE-0B20-4C3B-AD18-82C0DABD9993}"
EndProject
Project("{FAE04EC0-301F-11D3-BF4B-00C04F79EFBC}") = "CodeExecution.IntegrationEvents", "CodeExecution.IntegrationEvents\CodeExecution.IntegrationEvents.csproj", "{056BA75A-823E-4A86-8C07-F2AD96807BE8}"
EndProject
Project("{2150E333-8FDC-42A3-9474-1A3956D46DE8}") = "Interview", "Interview", "{5BD6C84F-9A78-474C-9C8B-5289A63BADC7}"
EndProject
Project("{FAE04EC0-301F-11D3-BF4B-00C04F79EFBC}") = "Interview.IntegrationEvents", "Interview.IntegrationEvents\Interview.IntegrationEvents.csproj", "{8B0DB6EF-2AC3-4EA7-B1A1-156B6AA48077}"
EndProject
Project("{FAE04EC0-301F-11D3-BF4B-00C04F79EFBC}") = "CodeExecution.Infrastructure.Interfaces.DataAccess", "CodeExecution.Infrastructure.Interfaces.DataAccess\CodeExecution.Infrastructure.Interfaces.DataAccess.csproj", "{9506D73C-B57E-4A74-9D19-479C86060B0F}"
EndProject
Project("{FAE04EC0-301F-11D3-BF4B-00C04F79EFBC}") = "CodeExecution.Infrastructure.Implementation.DataAccess", "CodeExecution.Infrastructure.Implementation.DataAccess\CodeExecution.Infrastructure.Implementation.DataAccess.csproj", "{AC750548-E3E1-4109-90DC-5E593A52FA76}"
EndProject
Project("{2150E333-8FDC-42A3-9474-1A3956D46DE8}") = "Solution Items", "Solution Items", "{DE7BFC79-808F-40F8-BDEF-DEE16B085EB6}"
	ProjectSection(SolutionItems) = preProject
		docker-compose.yml = docker-compose.yml
	EndProjectSection
EndProject
Project("{FAE04EC0-301F-11D3-BF4B-00C04F79EFBC}") = "CodeExecution.Infrastructure.Workers", "CodeExecution.Infrastructure.Workers\CodeExecution.Infrastructure.Workers.csproj", "{61089583-DD06-42F1-A9E6-876B59395EF2}"
EndProject
Project("{2150E333-8FDC-42A3-9474-1A3956D46DE8}") = "QuestionBank", "QuestionBank", "{07E9B9E6-6A70-4E65-9FE6-86177048C863}"
EndProject
Project("{FAE04EC0-301F-11D3-BF4B-00C04F79EFBC}") = "QuestionBank.Domain", "QuestionBank.Domain\QuestionBank.Domain.csproj", "{46B004BC-2634-4B7D-A7AC-9D460F57FA40}"
EndProject
Project("{FAE04EC0-301F-11D3-BF4B-00C04F79EFBC}") = "QuestionBank.Infrastructure.Implementation.DataAccess", "QuestionBank.Infrastructure.Implementation.DataAccess\QuestionBank.Infrastructure.Implementation.DataAccess.csproj", "{ACA340EA-FAEF-42A9-B924-D37A62293191}"
EndProject
Project("{FAE04EC0-301F-11D3-BF4B-00C04F79EFBC}") = "QuestionBank.Infrastructure.Interfaces.DataAccess", "QuestionBank.Infrastructure.Interfaces.DataAccess\QuestionBank.Infrastructure.Interfaces.DataAccess.csproj", "{58557C13-DE75-45CB-8855-B478CD3F328C}"
EndProject
Project("{FAE04EC0-301F-11D3-BF4B-00C04F79EFBC}") = "Interview.Domain", "Interview.Domain\Interview.Domain.csproj", "{CA382579-173A-432F-AC5A-6A80459C6D08}"
EndProject
Project("{2150E333-8FDC-42A3-9474-1A3956D46DE8}") = "Users", "Users", "{1FB36B85-E7A8-47C0-94D7-25E667FEF224}"
EndProject
Project("{FAE04EC0-301F-11D3-BF4B-00C04F79EFBC}") = "Users.Domain", "Users.Domain\Users.Domain.csproj", "{BDAA6090-D1AB-42EC-8FAC-81BBDA05978B}"
EndProject
Project("{FAE04EC0-301F-11D3-BF4B-00C04F79EFBC}") = "Interview.Infrastructure.Interfaces.DataAccess", "Interview.Infrastructure.Interfaces.DataAccess\Interview.Infrastructure.Interfaces.DataAccess.csproj", "{AF420801-FF89-486D-9C37-4AD2ACBA3E75}"
EndProject
Project("{FAE04EC0-301F-11D3-BF4B-00C04F79EFBC}") = "Interview.Infrastructure.Implementation.DataAccess", "Interview.Infrastructure.Implementation.DataAccess\Interview.Infrastructure.Implementation.DataAccess.csproj", "{1BBAF662-494D-4A95-843F-81E3D420156D}"
EndProject
Project("{FAE04EC0-301F-11D3-BF4B-00C04F79EFBC}") = "Users.Infrastructure.Interfaces.DataAccess", "Users.Infrastructure.Interfaces.DataAccess\Users.Infrastructure.Interfaces.DataAccess.csproj", "{10660D08-D8A8-4A20-860F-22624C4B1B01}"
EndProject
Project("{FAE04EC0-301F-11D3-BF4B-00C04F79EFBC}") = "Users.Infrastructure.Implementation.DataAccess", "Users.Infrastructure.Implementation.DataAccess\Users.Infrastructure.Implementation.DataAccess.csproj", "{7403EE7E-16F0-4310-A93A-FBAE10A1C9A9}"
EndProject
Project("{FAE04EC0-301F-11D3-BF4B-00C04F79EFBC}") = "QuestionBank.UseCases", "QuestionBank.UseCases\QuestionBank.UseCases.csproj", "{FB30B8A2-A8B6-44EA-9EDB-0F164F9FA3D3}"
EndProject
Project("{FAE04EC0-301F-11D3-BF4B-00C04F79EFBC}") = "QuestionBank.Presentation", "QuestionBank.Presentation\QuestionBank.Presentation.csproj", "{C5E8D32D-234D-48F5-8396-8E48C6F5B20F}"
EndProject
Project("{FAE04EC0-301F-11D3-BF4B-00C04F79EFBC}") = "QuestionBank.ModuleContract", "QuestionBank.ModuleContract\QuestionBank.ModuleContract.csproj", "{F95FBF14-552B-4740-A2E1-E057ABDB31DB}"
EndProject
Project("{FAE04EC0-301F-11D3-BF4B-00C04F79EFBC}") = "QuestionBank.ModuleContract.Implementation", "QuestionBank.ModuleContract.Implementation\QuestionBank.ModuleContract.Implementation.csproj", "{D04592BF-EE1B-490C-9AD1-BDF747CF86EB}"
EndProject
Project("{FAE04EC0-301F-11D3-BF4B-00C04F79EFBC}") = "Interview.Presentation", "Interview.Presentation\Interview.Presentation.csproj", "{E8FE6A22-E3A0-4FEE-A6E0-BC2D2BB5D543}"
EndProject
Project("{FAE04EC0-301F-11D3-BF4B-00C04F79EFBC}") = "Interview.UseCases", "Interview.UseCases\Interview.UseCases.csproj", "{195167D8-9295-4A5A-877D-0A7300211B09}"
EndProject
Global
	GlobalSection(SolutionConfigurationPlatforms) = preSolution
		Debug|Any CPU = Debug|Any CPU
		Release|Any CPU = Release|Any CPU
	EndGlobalSection
	GlobalSection(NestedProjects) = preSolution
		{47BA5DAD-E523-41C2-93BA-1DC9020578B6} = {D1D026D7-6C73-42EF-BBBD-5FAB46B7D22A}
		{E1550E7E-FCF7-40FB-9460-DC627B515100} = {D1D026D7-6C73-42EF-BBBD-5FAB46B7D22A}
		{74B9BEED-078D-4CD5-9012-6B4FB59EE464} = {D1D026D7-6C73-42EF-BBBD-5FAB46B7D22A}
		{2A0A1BB9-54C4-49A5-9E46-79AA9F770A08} = {E1550E7E-FCF7-40FB-9460-DC627B515100}
		{9D2F6B93-A35B-425E-8087-CCBD134A241F} = {E1550E7E-FCF7-40FB-9460-DC627B515100}
		{CCCE6447-AFBA-4CA6-9AB9-94133FB893D1} = {E1550E7E-FCF7-40FB-9460-DC627B515100}
		{5D26C2A5-17A5-4D42-AE19-0B349B2A0F4B} = {E1550E7E-FCF7-40FB-9460-DC627B515100}
		{0946C7CF-71B2-4804-A636-E381C950AF67} = {47BA5DAD-E523-41C2-93BA-1DC9020578B6}
		{E6F54C2C-36C6-4ACC-A7C5-400FA95DDB8C} = {47BA5DAD-E523-41C2-93BA-1DC9020578B6}
		{C58FEBDE-0B20-4C3B-AD18-82C0DABD9993} = {E1550E7E-FCF7-40FB-9460-DC627B515100}
		{056BA75A-823E-4A86-8C07-F2AD96807BE8} = {E1550E7E-FCF7-40FB-9460-DC627B515100}
		{5BD6C84F-9A78-474C-9C8B-5289A63BADC7} = {D1D026D7-6C73-42EF-BBBD-5FAB46B7D22A}
		{8B0DB6EF-2AC3-4EA7-B1A1-156B6AA48077} = {5BD6C84F-9A78-474C-9C8B-5289A63BADC7}
		{9506D73C-B57E-4A74-9D19-479C86060B0F} = {E1550E7E-FCF7-40FB-9460-DC627B515100}
		{AC750548-E3E1-4109-90DC-5E593A52FA76} = {E1550E7E-FCF7-40FB-9460-DC627B515100}
		{61089583-DD06-42F1-A9E6-876B59395EF2} = {E1550E7E-FCF7-40FB-9460-DC627B515100}
		{07E9B9E6-6A70-4E65-9FE6-86177048C863} = {D1D026D7-6C73-42EF-BBBD-5FAB46B7D22A}
		{46B004BC-2634-4B7D-A7AC-9D460F57FA40} = {07E9B9E6-6A70-4E65-9FE6-86177048C863}
		{ACA340EA-FAEF-42A9-B924-D37A62293191} = {07E9B9E6-6A70-4E65-9FE6-86177048C863}
		{58557C13-DE75-45CB-8855-B478CD3F328C} = {07E9B9E6-6A70-4E65-9FE6-86177048C863}
		{CA382579-173A-432F-AC5A-6A80459C6D08} = {5BD6C84F-9A78-474C-9C8B-5289A63BADC7}
		{1FB36B85-E7A8-47C0-94D7-25E667FEF224} = {D1D026D7-6C73-42EF-BBBD-5FAB46B7D22A}
		{BDAA6090-D1AB-42EC-8FAC-81BBDA05978B} = {1FB36B85-E7A8-47C0-94D7-25E667FEF224}
		{AF420801-FF89-486D-9C37-4AD2ACBA3E75} = {5BD6C84F-9A78-474C-9C8B-5289A63BADC7}
		{1BBAF662-494D-4A95-843F-81E3D420156D} = {5BD6C84F-9A78-474C-9C8B-5289A63BADC7}
		{10660D08-D8A8-4A20-860F-22624C4B1B01} = {1FB36B85-E7A8-47C0-94D7-25E667FEF224}
		{7403EE7E-16F0-4310-A93A-FBAE10A1C9A9} = {1FB36B85-E7A8-47C0-94D7-25E667FEF224}
		{FB30B8A2-A8B6-44EA-9EDB-0F164F9FA3D3} = {07E9B9E6-6A70-4E65-9FE6-86177048C863}
		{C5E8D32D-234D-48F5-8396-8E48C6F5B20F} = {07E9B9E6-6A70-4E65-9FE6-86177048C863}
		{F95FBF14-552B-4740-A2E1-E057ABDB31DB} = {07E9B9E6-6A70-4E65-9FE6-86177048C863}
		{D04592BF-EE1B-490C-9AD1-BDF747CF86EB} = {07E9B9E6-6A70-4E65-9FE6-86177048C863}
		{E8FE6A22-E3A0-4FEE-A6E0-BC2D2BB5D543} = {5BD6C84F-9A78-474C-9C8B-5289A63BADC7}
		{195167D8-9295-4A5A-877D-0A7300211B09} = {5BD6C84F-9A78-474C-9C8B-5289A63BADC7}
	EndGlobalSection
	GlobalSection(ProjectConfigurationPlatforms) = postSolution
		{74B9BEED-078D-4CD5-9012-6B4FB59EE464}.Debug|Any CPU.ActiveCfg = Debug|Any CPU
		{74B9BEED-078D-4CD5-9012-6B4FB59EE464}.Debug|Any CPU.Build.0 = Debug|Any CPU
		{74B9BEED-078D-4CD5-9012-6B4FB59EE464}.Release|Any CPU.ActiveCfg = Release|Any CPU
		{74B9BEED-078D-4CD5-9012-6B4FB59EE464}.Release|Any CPU.Build.0 = Release|Any CPU
		{2A0A1BB9-54C4-49A5-9E46-79AA9F770A08}.Debug|Any CPU.ActiveCfg = Debug|Any CPU
		{2A0A1BB9-54C4-49A5-9E46-79AA9F770A08}.Debug|Any CPU.Build.0 = Debug|Any CPU
		{2A0A1BB9-54C4-49A5-9E46-79AA9F770A08}.Release|Any CPU.ActiveCfg = Release|Any CPU
		{2A0A1BB9-54C4-49A5-9E46-79AA9F770A08}.Release|Any CPU.Build.0 = Release|Any CPU
		{9D2F6B93-A35B-425E-8087-CCBD134A241F}.Debug|Any CPU.ActiveCfg = Debug|Any CPU
		{9D2F6B93-A35B-425E-8087-CCBD134A241F}.Debug|Any CPU.Build.0 = Debug|Any CPU
		{9D2F6B93-A35B-425E-8087-CCBD134A241F}.Release|Any CPU.ActiveCfg = Release|Any CPU
		{9D2F6B93-A35B-425E-8087-CCBD134A241F}.Release|Any CPU.Build.0 = Release|Any CPU
		{CCCE6447-AFBA-4CA6-9AB9-94133FB893D1}.Debug|Any CPU.ActiveCfg = Debug|Any CPU
		{CCCE6447-AFBA-4CA6-9AB9-94133FB893D1}.Debug|Any CPU.Build.0 = Debug|Any CPU
		{CCCE6447-AFBA-4CA6-9AB9-94133FB893D1}.Release|Any CPU.ActiveCfg = Release|Any CPU
		{CCCE6447-AFBA-4CA6-9AB9-94133FB893D1}.Release|Any CPU.Build.0 = Release|Any CPU
		{5D26C2A5-17A5-4D42-AE19-0B349B2A0F4B}.Debug|Any CPU.ActiveCfg = Debug|Any CPU
		{5D26C2A5-17A5-4D42-AE19-0B349B2A0F4B}.Debug|Any CPU.Build.0 = Debug|Any CPU
		{5D26C2A5-17A5-4D42-AE19-0B349B2A0F4B}.Release|Any CPU.ActiveCfg = Release|Any CPU
		{5D26C2A5-17A5-4D42-AE19-0B349B2A0F4B}.Release|Any CPU.Build.0 = Release|Any CPU
		{0946C7CF-71B2-4804-A636-E381C950AF67}.Debug|Any CPU.ActiveCfg = Debug|Any CPU
		{0946C7CF-71B2-4804-A636-E381C950AF67}.Debug|Any CPU.Build.0 = Debug|Any CPU
		{0946C7CF-71B2-4804-A636-E381C950AF67}.Release|Any CPU.ActiveCfg = Release|Any CPU
		{0946C7CF-71B2-4804-A636-E381C950AF67}.Release|Any CPU.Build.0 = Release|Any CPU
		{E6F54C2C-36C6-4ACC-A7C5-400FA95DDB8C}.Debug|Any CPU.ActiveCfg = Debug|Any CPU
		{E6F54C2C-36C6-4ACC-A7C5-400FA95DDB8C}.Debug|Any CPU.Build.0 = Debug|Any CPU
		{E6F54C2C-36C6-4ACC-A7C5-400FA95DDB8C}.Release|Any CPU.ActiveCfg = Release|Any CPU
		{E6F54C2C-36C6-4ACC-A7C5-400FA95DDB8C}.Release|Any CPU.Build.0 = Release|Any CPU
		{C58FEBDE-0B20-4C3B-AD18-82C0DABD9993}.Debug|Any CPU.ActiveCfg = Debug|Any CPU
		{C58FEBDE-0B20-4C3B-AD18-82C0DABD9993}.Debug|Any CPU.Build.0 = Debug|Any CPU
		{C58FEBDE-0B20-4C3B-AD18-82C0DABD9993}.Release|Any CPU.ActiveCfg = Release|Any CPU
		{C58FEBDE-0B20-4C3B-AD18-82C0DABD9993}.Release|Any CPU.Build.0 = Release|Any CPU
		{056BA75A-823E-4A86-8C07-F2AD96807BE8}.Debug|Any CPU.ActiveCfg = Debug|Any CPU
		{056BA75A-823E-4A86-8C07-F2AD96807BE8}.Debug|Any CPU.Build.0 = Debug|Any CPU
		{056BA75A-823E-4A86-8C07-F2AD96807BE8}.Release|Any CPU.ActiveCfg = Release|Any CPU
		{056BA75A-823E-4A86-8C07-F2AD96807BE8}.Release|Any CPU.Build.0 = Release|Any CPU
		{8B0DB6EF-2AC3-4EA7-B1A1-156B6AA48077}.Debug|Any CPU.ActiveCfg = Debug|Any CPU
		{8B0DB6EF-2AC3-4EA7-B1A1-156B6AA48077}.Debug|Any CPU.Build.0 = Debug|Any CPU
		{8B0DB6EF-2AC3-4EA7-B1A1-156B6AA48077}.Release|Any CPU.ActiveCfg = Release|Any CPU
		{8B0DB6EF-2AC3-4EA7-B1A1-156B6AA48077}.Release|Any CPU.Build.0 = Release|Any CPU
		{9506D73C-B57E-4A74-9D19-479C86060B0F}.Debug|Any CPU.ActiveCfg = Debug|Any CPU
		{9506D73C-B57E-4A74-9D19-479C86060B0F}.Debug|Any CPU.Build.0 = Debug|Any CPU
		{9506D73C-B57E-4A74-9D19-479C86060B0F}.Release|Any CPU.ActiveCfg = Release|Any CPU
		{9506D73C-B57E-4A74-9D19-479C86060B0F}.Release|Any CPU.Build.0 = Release|Any CPU
		{AC750548-E3E1-4109-90DC-5E593A52FA76}.Debug|Any CPU.ActiveCfg = Debug|Any CPU
		{AC750548-E3E1-4109-90DC-5E593A52FA76}.Debug|Any CPU.Build.0 = Debug|Any CPU
		{AC750548-E3E1-4109-90DC-5E593A52FA76}.Release|Any CPU.ActiveCfg = Release|Any CPU
		{AC750548-E3E1-4109-90DC-5E593A52FA76}.Release|Any CPU.Build.0 = Release|Any CPU
		{61089583-DD06-42F1-A9E6-876B59395EF2}.Debug|Any CPU.ActiveCfg = Debug|Any CPU
		{61089583-DD06-42F1-A9E6-876B59395EF2}.Debug|Any CPU.Build.0 = Debug|Any CPU
		{61089583-DD06-42F1-A9E6-876B59395EF2}.Release|Any CPU.ActiveCfg = Release|Any CPU
		{61089583-DD06-42F1-A9E6-876B59395EF2}.Release|Any CPU.Build.0 = Release|Any CPU
		{46B004BC-2634-4B7D-A7AC-9D460F57FA40}.Debug|Any CPU.ActiveCfg = Debug|Any CPU
		{46B004BC-2634-4B7D-A7AC-9D460F57FA40}.Debug|Any CPU.Build.0 = Debug|Any CPU
		{46B004BC-2634-4B7D-A7AC-9D460F57FA40}.Release|Any CPU.ActiveCfg = Release|Any CPU
		{46B004BC-2634-4B7D-A7AC-9D460F57FA40}.Release|Any CPU.Build.0 = Release|Any CPU
		{ACA340EA-FAEF-42A9-B924-D37A62293191}.Debug|Any CPU.ActiveCfg = Debug|Any CPU
		{ACA340EA-FAEF-42A9-B924-D37A62293191}.Debug|Any CPU.Build.0 = Debug|Any CPU
		{ACA340EA-FAEF-42A9-B924-D37A62293191}.Release|Any CPU.ActiveCfg = Release|Any CPU
		{ACA340EA-FAEF-42A9-B924-D37A62293191}.Release|Any CPU.Build.0 = Release|Any CPU
		{58557C13-DE75-45CB-8855-B478CD3F328C}.Debug|Any CPU.ActiveCfg = Debug|Any CPU
		{58557C13-DE75-45CB-8855-B478CD3F328C}.Debug|Any CPU.Build.0 = Debug|Any CPU
		{58557C13-DE75-45CB-8855-B478CD3F328C}.Release|Any CPU.ActiveCfg = Release|Any CPU
		{58557C13-DE75-45CB-8855-B478CD3F328C}.Release|Any CPU.Build.0 = Release|Any CPU
		{CA382579-173A-432F-AC5A-6A80459C6D08}.Debug|Any CPU.ActiveCfg = Debug|Any CPU
		{CA382579-173A-432F-AC5A-6A80459C6D08}.Debug|Any CPU.Build.0 = Debug|Any CPU
		{CA382579-173A-432F-AC5A-6A80459C6D08}.Release|Any CPU.ActiveCfg = Release|Any CPU
		{CA382579-173A-432F-AC5A-6A80459C6D08}.Release|Any CPU.Build.0 = Release|Any CPU
		{BDAA6090-D1AB-42EC-8FAC-81BBDA05978B}.Debug|Any CPU.ActiveCfg = Debug|Any CPU
		{BDAA6090-D1AB-42EC-8FAC-81BBDA05978B}.Debug|Any CPU.Build.0 = Debug|Any CPU
		{BDAA6090-D1AB-42EC-8FAC-81BBDA05978B}.Release|Any CPU.ActiveCfg = Release|Any CPU
		{BDAA6090-D1AB-42EC-8FAC-81BBDA05978B}.Release|Any CPU.Build.0 = Release|Any CPU
		{AF420801-FF89-486D-9C37-4AD2ACBA3E75}.Debug|Any CPU.ActiveCfg = Debug|Any CPU
		{AF420801-FF89-486D-9C37-4AD2ACBA3E75}.Debug|Any CPU.Build.0 = Debug|Any CPU
		{AF420801-FF89-486D-9C37-4AD2ACBA3E75}.Release|Any CPU.ActiveCfg = Release|Any CPU
		{AF420801-FF89-486D-9C37-4AD2ACBA3E75}.Release|Any CPU.Build.0 = Release|Any CPU
		{1BBAF662-494D-4A95-843F-81E3D420156D}.Debug|Any CPU.ActiveCfg = Debug|Any CPU
		{1BBAF662-494D-4A95-843F-81E3D420156D}.Debug|Any CPU.Build.0 = Debug|Any CPU
		{1BBAF662-494D-4A95-843F-81E3D420156D}.Release|Any CPU.ActiveCfg = Release|Any CPU
		{1BBAF662-494D-4A95-843F-81E3D420156D}.Release|Any CPU.Build.0 = Release|Any CPU
		{10660D08-D8A8-4A20-860F-22624C4B1B01}.Debug|Any CPU.ActiveCfg = Debug|Any CPU
		{10660D08-D8A8-4A20-860F-22624C4B1B01}.Debug|Any CPU.Build.0 = Debug|Any CPU
		{10660D08-D8A8-4A20-860F-22624C4B1B01}.Release|Any CPU.ActiveCfg = Release|Any CPU
		{10660D08-D8A8-4A20-860F-22624C4B1B01}.Release|Any CPU.Build.0 = Release|Any CPU
		{7403EE7E-16F0-4310-A93A-FBAE10A1C9A9}.Debug|Any CPU.ActiveCfg = Debug|Any CPU
		{7403EE7E-16F0-4310-A93A-FBAE10A1C9A9}.Debug|Any CPU.Build.0 = Debug|Any CPU
		{7403EE7E-16F0-4310-A93A-FBAE10A1C9A9}.Release|Any CPU.ActiveCfg = Release|Any CPU
		{7403EE7E-16F0-4310-A93A-FBAE10A1C9A9}.Release|Any CPU.Build.0 = Release|Any CPU
		{FB30B8A2-A8B6-44EA-9EDB-0F164F9FA3D3}.Debug|Any CPU.ActiveCfg = Debug|Any CPU
		{FB30B8A2-A8B6-44EA-9EDB-0F164F9FA3D3}.Debug|Any CPU.Build.0 = Debug|Any CPU
		{FB30B8A2-A8B6-44EA-9EDB-0F164F9FA3D3}.Release|Any CPU.ActiveCfg = Release|Any CPU
		{FB30B8A2-A8B6-44EA-9EDB-0F164F9FA3D3}.Release|Any CPU.Build.0 = Release|Any CPU
		{C5E8D32D-234D-48F5-8396-8E48C6F5B20F}.Debug|Any CPU.ActiveCfg = Debug|Any CPU
		{C5E8D32D-234D-48F5-8396-8E48C6F5B20F}.Debug|Any CPU.Build.0 = Debug|Any CPU
		{C5E8D32D-234D-48F5-8396-8E48C6F5B20F}.Release|Any CPU.ActiveCfg = Release|Any CPU
		{C5E8D32D-234D-48F5-8396-8E48C6F5B20F}.Release|Any CPU.Build.0 = Release|Any CPU
		{F95FBF14-552B-4740-A2E1-E057ABDB31DB}.Debug|Any CPU.ActiveCfg = Debug|Any CPU
		{F95FBF14-552B-4740-A2E1-E057ABDB31DB}.Debug|Any CPU.Build.0 = Debug|Any CPU
		{F95FBF14-552B-4740-A2E1-E057ABDB31DB}.Release|Any CPU.ActiveCfg = Release|Any CPU
		{F95FBF14-552B-4740-A2E1-E057ABDB31DB}.Release|Any CPU.Build.0 = Release|Any CPU
		{D04592BF-EE1B-490C-9AD1-BDF747CF86EB}.Debug|Any CPU.ActiveCfg = Debug|Any CPU
		{D04592BF-EE1B-490C-9AD1-BDF747CF86EB}.Debug|Any CPU.Build.0 = Debug|Any CPU
		{D04592BF-EE1B-490C-9AD1-BDF747CF86EB}.Release|Any CPU.ActiveCfg = Release|Any CPU
		{D04592BF-EE1B-490C-9AD1-BDF747CF86EB}.Release|Any CPU.Build.0 = Release|Any CPU
		{E8FE6A22-E3A0-4FEE-A6E0-BC2D2BB5D543}.Debug|Any CPU.ActiveCfg = Debug|Any CPU
		{E8FE6A22-E3A0-4FEE-A6E0-BC2D2BB5D543}.Debug|Any CPU.Build.0 = Debug|Any CPU
		{E8FE6A22-E3A0-4FEE-A6E0-BC2D2BB5D543}.Release|Any CPU.ActiveCfg = Release|Any CPU
		{E8FE6A22-E3A0-4FEE-A6E0-BC2D2BB5D543}.Release|Any CPU.Build.0 = Release|Any CPU
		{195167D8-9295-4A5A-877D-0A7300211B09}.Debug|Any CPU.ActiveCfg = Debug|Any CPU
		{195167D8-9295-4A5A-877D-0A7300211B09}.Debug|Any CPU.Build.0 = Debug|Any CPU
		{195167D8-9295-4A5A-877D-0A7300211B09}.Release|Any CPU.ActiveCfg = Release|Any CPU
		{195167D8-9295-4A5A-877D-0A7300211B09}.Release|Any CPU.Build.0 = Release|Any CPU
	EndGlobalSection
EndGlobal
