
Microsoft Visual Studio Solution File, Format Version 12.00
# Visual Studio Version 17
VisualStudioVersion = 17.0.31903.59
MinimumVisualStudioVersion = 10.0.40219.1
Project("{2150E333-8FDC-42A3-9474-1A3956D46DE8}") = "src", "src", "{827E0CD3-B72D-47B6-A68D-7590B98EB39B}"
EndProject
Project("{FAE04EC0-301F-11D3-BF4B-00C04F79EFBC}") = "QuestionBank.ModuleContract.Implementation", "src\QuestionBank.ModuleContract.Implementation\QuestionBank.ModuleContract.Implementation.csproj", "{6445D36A-172C-4038-A8B4-EB8B68E6C91C}"
EndProject
Project("{FAE04EC0-301F-11D3-BF4B-00C04F79EFBC}") = "QuestionBank.ModuleContract", "src\QuestionBank.ModuleContract\QuestionBank.ModuleContract.csproj", "{4374C9AF-7B38-4AF1-83B3-26AB88CA9B25}"
EndProject
Project("{FAE04EC0-301F-11D3-BF4B-00C04F79EFBC}") = "QuestionBank.UseCases", "src\QuestionBank.UseCases\QuestionBank.UseCases.csproj", "{84DFF4E3-1582-4D20-B513-00259A93CA8A}"
EndProject
Project("{FAE04EC0-301F-11D3-BF4B-00C04F79EFBC}") = "QuestionBank.Infrastructure.Interfaces.DataAccess", "src\QuestionBank.Infrastructure.Interfaces.DataAccess\QuestionBank.Infrastructure.Interfaces.DataAccess.csproj", "{607C5AAB-A78E-4C2F-B68E-AB7441F5D46A}"
EndProject
Project("{FAE04EC0-301F-11D3-BF4B-00C04F79EFBC}") = "QuestionBank.Domain", "src\QuestionBank.Domain\QuestionBank.Domain.csproj", "{C1583CE4-9B8A-4949-AC52-3E23C6F14B58}"
EndProject
Project("{FAE04EC0-301F-11D3-BF4B-00C04F79EFBC}") = "Framework.Domain", "src\Framework.Domain\Framework.Domain.csproj", "{7990F0D8-AAD9-46F6-AA2E-2C537A7105BA}"
EndProject
Project("{FAE04EC0-301F-11D3-BF4B-00C04F79EFBC}") = "Interview.IntegrationEvents", "src\Interview.IntegrationEvents\Interview.IntegrationEvents.csproj", "{BF736AD9-CB54-4EE7-B0D4-91285F873336}"
EndProject
Project("{FAE04EC0-301F-11D3-BF4B-00C04F79EFBC}") = "Users.ModuleContract.Implementation", "src\Users.ModuleContract.Implementation\Users.ModuleContract.Implementation.csproj", "{DA8251EC-0A52-4534-AD89-5F55D4B835EF}"
EndProject
Project("{FAE04EC0-301F-11D3-BF4B-00C04F79EFBC}") = "Users.ModuleContract", "src\Users.ModuleContract\Users.ModuleContract.csproj", "{5D06F039-2865-485F-A4E5-1D848703187E}"
EndProject
Project("{FAE04EC0-301F-11D3-BF4B-00C04F79EFBC}") = "Users.UseCases", "src\Users.UseCases\Users.UseCases.csproj", "{D2D8F098-97BD-40DF-8250-195CE64C3676}"
EndProject
Project("{FAE04EC0-301F-11D3-BF4B-00C04F79EFBC}") = "Framework.UseCases", "src\Framework.UseCases\Framework.UseCases.csproj", "{D84C741C-C17A-4839-AF4A-A16964E0E27C}"
EndProject
Project("{FAE04EC0-301F-11D3-BF4B-00C04F79EFBC}") = "Users.Infrastructure.Interfaces.DataAccess", "src\Users.Infrastructure.Interfaces.DataAccess\Users.Infrastructure.Interfaces.DataAccess.csproj", "{F98D571D-32B1-4CCB-A57A-FD297A17A9FB}"
EndProject
Project("{FAE04EC0-301F-11D3-BF4B-00C04F79EFBC}") = "Users.Domain", "src\Users.Domain\Users.Domain.csproj", "{8150FC06-0B83-46FF-ABD1-43EB12392C43}"
EndProject
Project("{FAE04EC0-301F-11D3-BF4B-00C04F79EFBC}") = "Users.Infrastructure.Interfaces.Identity", "src\Users.Infrastructure.Interfaces.Identity\Users.Infrastructure.Interfaces.Identity.csproj", "{6E2742BE-48A0-46AD-8D36-AFBD43A7398A}"
EndProject
Project("{FAE04EC0-301F-11D3-BF4B-00C04F79EFBC}") = "QuestionBank.Infrastructure.Implementation.DataAccess", "src\QuestionBank.Infrastructure.Implementation.DataAccess\QuestionBank.Infrastructure.Implementation.DataAccess.csproj", "{A6FD8DDB-3F8A-4AF6-9286-91425705CF0F}"
EndProject
Project("{FAE04EC0-301F-11D3-BF4B-00C04F79EFBC}") = "Interview.Infrastructure.Implementation.DataAccess", "src\Interview.Infrastructure.Implementation.DataAccess\Interview.Infrastructure.Implementation.DataAccess.csproj", "{2FF8B3B8-8807-42EF-B7A7-DEB42AEE38F5}"
EndProject
Project("{FAE04EC0-301F-11D3-BF4B-00C04F79EFBC}") = "Framework.Infrastructure", "src\Framework.Infrastructure\Framework.Infrastructure.csproj", "{C0BB7E8B-CE71-4EEF-BDC9-40E11649A72D}"
EndProject
Project("{FAE04EC0-301F-11D3-BF4B-00C04F79EFBC}") = "Interview.Infrastructure.Interfaces.DataAccess", "src\Interview.Infrastructure.Interfaces.DataAccess\Interview.Infrastructure.Interfaces.DataAccess.csproj", "{E98C3E5A-A7CA-4C5F-BCA8-5B4F9950E6CE}"
EndProject
Project("{FAE04EC0-301F-11D3-BF4B-00C04F79EFBC}") = "Interview.Domain", "src\Interview.Domain\Interview.Domain.csproj", "{A6E9CCF0-4692-4BB1-8845-80B44C140A70}"
EndProject
Project("{FAE04EC0-301F-11D3-BF4B-00C04F79EFBC}") = "Users.Infrastructure.Implementation.Identity.Keycloak", "src\Users.Infrastructure.Implementation.Identity.Keycloak\Users.Infrastructure.Implementation.Identity.Keycloak.csproj", "{115754CE-7B12-4128-AD77-92232EBE3420}"
EndProject
Project("{FAE04EC0-301F-11D3-BF4B-00C04F79EFBC}") = "Interview.Infrastructure.Interfaces.AiEvaluation", "src\Interview.Infrastructure.Interfaces.AiEvaluation\Interview.Infrastructure.Interfaces.AiEvaluation.csproj", "{3EEEE190-094B-4A4A-BBDD-C6424FD3B050}"
EndProject
Project("{FAE04EC0-301F-11D3-BF4B-00C04F79EFBC}") = "CodeExecution.Infrastructure.Interfaces.CodeExecution", "src\CodeExecution.Infrastructure.Interfaces.CodeExecution\CodeExecution.Infrastructure.Interfaces.CodeExecution.csproj", "{8D007F05-816C-45E6-A991-B77FDDA9EC9F}"
EndProject
Project("{FAE04EC0-301F-11D3-BF4B-00C04F79EFBC}") = "CodeExecution.Infrastructure.Workers", "src\CodeExecution.Infrastructure.Workers\CodeExecution.Infrastructure.Workers.csproj", "{7F04DDF4-B166-48F3-B6CD-206E8ED21D92}"
EndProject
Project("{FAE04EC0-301F-11D3-BF4B-00C04F79EFBC}") = "CodeExecution.IntegrationEvents", "src\CodeExecution.IntegrationEvents\CodeExecution.IntegrationEvents.csproj", "{101AF254-3AB3-44BD-932D-46733427E600}"
EndProject
Project("{FAE04EC0-301F-11D3-BF4B-00C04F79EFBC}") = "CodeExecution.UseCases", "src\CodeExecution.UseCases\CodeExecution.UseCases.csproj", "{55A96CA9-2FEF-4377-8C31-9D77263D7C3D}"
EndProject
Project("{FAE04EC0-301F-11D3-BF4B-00C04F79EFBC}") = "CodeExecution.Domain", "src\CodeExecution.Domain\CodeExecution.Domain.csproj", "{462B6D6D-4687-4B70-956E-E0229E853916}"
EndProject
Project("{FAE04EC0-301F-11D3-BF4B-00C04F79EFBC}") = "CodeExecution.Infrastructure.Interfaces.DataAccess", "src\CodeExecution.Infrastructure.Interfaces.DataAccess\CodeExecution.Infrastructure.Interfaces.DataAccess.csproj", "{156DEC8D-3734-4F92-9BD6-BD04C77F4CFF}"
EndProject
Project("{FAE04EC0-301F-11D3-BF4B-00C04F79EFBC}") = "Framework.Presentation", "src\Framework.Presentation\Framework.Presentation.csproj", "{D6372E86-B7F1-475F-9EB4-34746B0492E9}"
EndProject
Project("{FAE04EC0-301F-11D3-BF4B-00C04F79EFBC}") = "QuestionBank.Presentation", "src\QuestionBank.Presentation\QuestionBank.Presentation.csproj", "{9F09DC50-D409-4FBE-967C-1BE29A4673B7}"
EndProject
Project("{FAE04EC0-301F-11D3-BF4B-00C04F79EFBC}") = "CodeExecution.Infrastructure.Implementation.DataAccess", "src\CodeExecution.Infrastructure.Implementation.DataAccess\CodeExecution.Infrastructure.Implementation.DataAccess.csproj", "{D91DC331-280B-4130-9DB3-9BDBA6C12E79}"
EndProject
Project("{FAE04EC0-301F-11D3-BF4B-00C04F79EFBC}") = "Users.Infrastructure.Implementation.DataAccess", "src\Users.Infrastructure.Implementation.DataAccess\Users.Infrastructure.Implementation.DataAccess.csproj", "{62982381-9529-4F83-96B8-B21357C69798}"
EndProject
Project("{FAE04EC0-301F-11D3-BF4B-00C04F79EFBC}") = "Interview.Infrastructure.Implementation.AiEvaluation.GigaChat", "src\Interview.Infrastructure.Implementation.AiEvaluation.GigaChat\Interview.Infrastructure.Implementation.AiEvaluation.GigaChat.csproj", "{745E1595-564A-45A7-ACA6-097C2E09420D}"
EndProject
Project("{FAE04EC0-301F-11D3-BF4B-00C04F79EFBC}") = "Users.Presentation", "src\Users.Presentation\Users.Presentation.csproj", "{F27E79C4-BF6B-4AC2-98B2-176DD6E90711}"
EndProject
Project("{FAE04EC0-301F-11D3-BF4B-00C04F79EFBC}") = "InterviewSimulator.API", "src\InterviewSimulator.API\InterviewSimulator.API.csproj", "{A5CC8F2A-8DD5-4DCD-82A8-89FAC9B3D4DE}"
EndProject
Project("{FAE04EC0-301F-11D3-BF4B-00C04F79EFBC}") = "CodeExecution.Presentation", "src\CodeExecution.Presentation\CodeExecution.Presentation.csproj", "{619753A8-B9F2-4450-9C04-05BC2AF19AC3}"
EndProject
Project("{FAE04EC0-301F-11D3-BF4B-00C04F79EFBC}") = "CodeExecution.Infrastructure.Implementation.CodeExecution.Docker", "src\CodeExecution.Infrastructure.Implementation.CodeExecution.Docker\CodeExecution.Infrastructure.Implementation.CodeExecution.Docker.csproj", "{4F221B6C-1CEB-4E79-9630-3EC1B5CCB38A}"
EndProject
Project("{FAE04EC0-301F-11D3-BF4B-00C04F79EFBC}") = "Interview.Infrastructure.Workers", "src\Interview.Infrastructure.Workers\Interview.Infrastructure.Workers.csproj", "{0B863178-A3F2-4974-AD18-227395D68374}"
EndProject
Project("{FAE04EC0-301F-11D3-BF4B-00C04F79EFBC}") = "Interview.UseCases", "src\Interview.UseCases\Interview.UseCases.csproj", "{55CCAC75-9B4B-46F8-A281-650CDFCB3067}"
EndProject
Project("{FAE04EC0-301F-11D3-BF4B-00C04F79EFBC}") = "Interview.Presentation", "src\Interview.Presentation\Interview.Presentation.csproj", "{8BBB5C45-2BF6-4712-839C-A14D583B8B2D}"
EndProject
Project("{2150E333-8FDC-42A3-9474-1A3956D46DE8}") = "CodeExecution", "CodeExecution", "{C5EA46D6-09EC-475E-8593-A5C6CA29FC97}"
EndProject
Project("{2150E333-8FDC-42A3-9474-1A3956D46DE8}") = "Framework", "Framework", "{6B61C543-6F92-4B1A-89AB-846B764B6600}"
EndProject
Project("{2150E333-8FDC-42A3-9474-1A3956D46DE8}") = "Interview", "Interview", "{332A3232-DF45-41DE-A9D8-F7FA21E2CC9B}"
EndProject
Project("{2150E333-8FDC-42A3-9474-1A3956D46DE8}") = "Users", "Users", "{215DEBF0-808E-44B7-9770-2AC14A633584}"
EndProject
Project("{2150E333-8FDC-42A3-9474-1A3956D46DE8}") = "QuestionBank", "QuestionBank", "{E0710DBC-BB40-4B4F-943E-1D6613946540}"
EndProject
Project("{2150E333-8FDC-42A3-9474-1A3956D46DE8}") = "tests", "tests", "{3D160829-9A46-43EA-AD6E-A47311D239B0}"
EndProject
Project("{FAE04EC0-301F-11D3-BF4B-00C04F79EFBC}") = "Interview.Domain.Tests", "tests\Interview.Domain.Tests\Interview.Domain.Tests.csproj", "{20322E79-75FD-4282-B0A0-F1AA3F20357E}"
EndProject
Project("{FAE04EC0-301F-11D3-BF4B-00C04F79EFBC}") = "CodeExecution.Domain.Tests", "tests\CodeExecution.Domain.Tests\CodeExecution.Domain.Tests.csproj", "{9D4D0AF1-87C8-4D15-BF6F-4C2647C4BB9C}"
EndProject
Global
	GlobalSection(SolutionConfigurationPlatforms) = preSolution
		Debug|Any CPU = Debug|Any CPU
		Debug|x64 = Debug|x64
		Debug|x86 = Debug|x86
		Release|Any CPU = Release|Any CPU
		Release|x64 = Release|x64
		Release|x86 = Release|x86
	EndGlobalSection
	GlobalSection(ProjectConfigurationPlatforms) = postSolution
		{6445D36A-172C-4038-A8B4-EB8B68E6C91C}.Debug|Any CPU.ActiveCfg = Debug|Any CPU
		{6445D36A-172C-4038-A8B4-EB8B68E6C91C}.Debug|Any CPU.Build.0 = Debug|Any CPU
		{6445D36A-172C-4038-A8B4-EB8B68E6C91C}.Debug|x64.ActiveCfg = Debug|Any CPU
		{6445D36A-172C-4038-A8B4-EB8B68E6C91C}.Debug|x64.Build.0 = Debug|Any CPU
		{6445D36A-172C-4038-A8B4-EB8B68E6C91C}.Debug|x86.ActiveCfg = Debug|Any CPU
		{6445D36A-172C-4038-A8B4-EB8B68E6C91C}.Debug|x86.Build.0 = Debug|Any CPU
		{6445D36A-172C-4038-A8B4-EB8B68E6C91C}.Release|Any CPU.ActiveCfg = Release|Any CPU
		{6445D36A-172C-4038-A8B4-EB8B68E6C91C}.Release|Any CPU.Build.0 = Release|Any CPU
		{6445D36A-172C-4038-A8B4-EB8B68E6C91C}.Release|x64.ActiveCfg = Release|Any CPU
		{6445D36A-172C-4038-A8B4-EB8B68E6C91C}.Release|x64.Build.0 = Release|Any CPU
		{6445D36A-172C-4038-A8B4-EB8B68E6C91C}.Release|x86.ActiveCfg = Release|Any CPU
		{6445D36A-172C-4038-A8B4-EB8B68E6C91C}.Release|x86.Build.0 = Release|Any CPU
		{4374C9AF-7B38-4AF1-83B3-26AB88CA9B25}.Debug|Any CPU.ActiveCfg = Debug|Any CPU
		{4374C9AF-7B38-4AF1-83B3-26AB88CA9B25}.Debug|Any CPU.Build.0 = Debug|Any CPU
		{4374C9AF-7B38-4AF1-83B3-26AB88CA9B25}.Debug|x64.ActiveCfg = Debug|Any CPU
		{4374C9AF-7B38-4AF1-83B3-26AB88CA9B25}.Debug|x64.Build.0 = Debug|Any CPU
		{4374C9AF-7B38-4AF1-83B3-26AB88CA9B25}.Debug|x86.ActiveCfg = Debug|Any CPU
		{4374C9AF-7B38-4AF1-83B3-26AB88CA9B25}.Debug|x86.Build.0 = Debug|Any CPU
		{4374C9AF-7B38-4AF1-83B3-26AB88CA9B25}.Release|Any CPU.ActiveCfg = Release|Any CPU
		{4374C9AF-7B38-4AF1-83B3-26AB88CA9B25}.Release|Any CPU.Build.0 = Release|Any CPU
		{4374C9AF-7B38-4AF1-83B3-26AB88CA9B25}.Release|x64.ActiveCfg = Release|Any CPU
		{4374C9AF-7B38-4AF1-83B3-26AB88CA9B25}.Release|x64.Build.0 = Release|Any CPU
		{4374C9AF-7B38-4AF1-83B3-26AB88CA9B25}.Release|x86.ActiveCfg = Release|Any CPU
		{4374C9AF-7B38-4AF1-83B3-26AB88CA9B25}.Release|x86.Build.0 = Release|Any CPU
		{84DFF4E3-1582-4D20-B513-00259A93CA8A}.Debug|Any CPU.ActiveCfg = Debug|Any CPU
		{84DFF4E3-1582-4D20-B513-00259A93CA8A}.Debug|Any CPU.Build.0 = Debug|Any CPU
		{84DFF4E3-1582-4D20-B513-00259A93CA8A}.Debug|x64.ActiveCfg = Debug|Any CPU
		{84DFF4E3-1582-4D20-B513-00259A93CA8A}.Debug|x64.Build.0 = Debug|Any CPU
		{84DFF4E3-1582-4D20-B513-00259A93CA8A}.Debug|x86.ActiveCfg = Debug|Any CPU
		{84DFF4E3-1582-4D20-B513-00259A93CA8A}.Debug|x86.Build.0 = Debug|Any CPU
		{84DFF4E3-1582-4D20-B513-00259A93CA8A}.Release|Any CPU.ActiveCfg = Release|Any CPU
		{84DFF4E3-1582-4D20-B513-00259A93CA8A}.Release|Any CPU.Build.0 = Release|Any CPU
		{84DFF4E3-1582-4D20-B513-00259A93CA8A}.Release|x64.ActiveCfg = Release|Any CPU
		{84DFF4E3-1582-4D20-B513-00259A93CA8A}.Release|x64.Build.0 = Release|Any CPU
		{84DFF4E3-1582-4D20-B513-00259A93CA8A}.Release|x86.ActiveCfg = Release|Any CPU
		{84DFF4E3-1582-4D20-B513-00259A93CA8A}.Release|x86.Build.0 = Release|Any CPU
		{607C5AAB-A78E-4C2F-B68E-AB7441F5D46A}.Debug|Any CPU.ActiveCfg = Debug|Any CPU
		{607C5AAB-A78E-4C2F-B68E-AB7441F5D46A}.Debug|Any CPU.Build.0 = Debug|Any CPU
		{607C5AAB-A78E-4C2F-B68E-AB7441F5D46A}.Debug|x64.ActiveCfg = Debug|Any CPU
		{607C5AAB-A78E-4C2F-B68E-AB7441F5D46A}.Debug|x64.Build.0 = Debug|Any CPU
		{607C5AAB-A78E-4C2F-B68E-AB7441F5D46A}.Debug|x86.ActiveCfg = Debug|Any CPU
		{607C5AAB-A78E-4C2F-B68E-AB7441F5D46A}.Debug|x86.Build.0 = Debug|Any CPU
		{607C5AAB-A78E-4C2F-B68E-AB7441F5D46A}.Release|Any CPU.ActiveCfg = Release|Any CPU
		{607C5AAB-A78E-4C2F-B68E-AB7441F5D46A}.Release|Any CPU.Build.0 = Release|Any CPU
		{607C5AAB-A78E-4C2F-B68E-AB7441F5D46A}.Release|x64.ActiveCfg = Release|Any CPU
		{607C5AAB-A78E-4C2F-B68E-AB7441F5D46A}.Release|x64.Build.0 = Release|Any CPU
		{607C5AAB-A78E-4C2F-B68E-AB7441F5D46A}.Release|x86.ActiveCfg = Release|Any CPU
		{607C5AAB-A78E-4C2F-B68E-AB7441F5D46A}.Release|x86.Build.0 = Release|Any CPU
		{C1583CE4-9B8A-4949-AC52-3E23C6F14B58}.Debug|Any CPU.ActiveCfg = Debug|Any CPU
		{C1583CE4-9B8A-4949-AC52-3E23C6F14B58}.Debug|Any CPU.Build.0 = Debug|Any CPU
		{C1583CE4-9B8A-4949-AC52-3E23C6F14B58}.Debug|x64.ActiveCfg = Debug|Any CPU
		{C1583CE4-9B8A-4949-AC52-3E23C6F14B58}.Debug|x64.Build.0 = Debug|Any CPU
		{C1583CE4-9B8A-4949-AC52-3E23C6F14B58}.Debug|x86.ActiveCfg = Debug|Any CPU
		{C1583CE4-9B8A-4949-AC52-3E23C6F14B58}.Debug|x86.Build.0 = Debug|Any CPU
		{C1583CE4-9B8A-4949-AC52-3E23C6F14B58}.Release|Any CPU.ActiveCfg = Release|Any CPU
		{C1583CE4-9B8A-4949-AC52-3E23C6F14B58}.Release|Any CPU.Build.0 = Release|Any CPU
		{C1583CE4-9B8A-4949-AC52-3E23C6F14B58}.Release|x64.ActiveCfg = Release|Any CPU
		{C1583CE4-9B8A-4949-AC52-3E23C6F14B58}.Release|x64.Build.0 = Release|Any CPU
		{C1583CE4-9B8A-4949-AC52-3E23C6F14B58}.Release|x86.ActiveCfg = Release|Any CPU
		{C1583CE4-9B8A-4949-AC52-3E23C6F14B58}.Release|x86.Build.0 = Release|Any CPU
		{7990F0D8-AAD9-46F6-AA2E-2C537A7105BA}.Debug|Any CPU.ActiveCfg = Debug|Any CPU
		{7990F0D8-AAD9-46F6-AA2E-2C537A7105BA}.Debug|Any CPU.Build.0 = Debug|Any CPU
		{7990F0D8-AAD9-46F6-AA2E-2C537A7105BA}.Debug|x64.ActiveCfg = Debug|Any CPU
		{7990F0D8-AAD9-46F6-AA2E-2C537A7105BA}.Debug|x64.Build.0 = Debug|Any CPU
		{7990F0D8-AAD9-46F6-AA2E-2C537A7105BA}.Debug|x86.ActiveCfg = Debug|Any CPU
		{7990F0D8-AAD9-46F6-AA2E-2C537A7105BA}.Debug|x86.Build.0 = Debug|Any CPU
		{7990F0D8-AAD9-46F6-AA2E-2C537A7105BA}.Release|Any CPU.ActiveCfg = Release|Any CPU
		{7990F0D8-AAD9-46F6-AA2E-2C537A7105BA}.Release|Any CPU.Build.0 = Release|Any CPU
		{7990F0D8-AAD9-46F6-AA2E-2C537A7105BA}.Release|x64.ActiveCfg = Release|Any CPU
		{7990F0D8-AAD9-46F6-AA2E-2C537A7105BA}.Release|x64.Build.0 = Release|Any CPU
		{7990F0D8-AAD9-46F6-AA2E-2C537A7105BA}.Release|x86.ActiveCfg = Release|Any CPU
		{7990F0D8-AAD9-46F6-AA2E-2C537A7105BA}.Release|x86.Build.0 = Release|Any CPU
		{BF736AD9-CB54-4EE7-B0D4-91285F873336}.Debug|Any CPU.ActiveCfg = Debug|Any CPU
		{BF736AD9-CB54-4EE7-B0D4-91285F873336}.Debug|Any CPU.Build.0 = Debug|Any CPU
		{BF736AD9-CB54-4EE7-B0D4-91285F873336}.Debug|x64.ActiveCfg = Debug|Any CPU
		{BF736AD9-CB54-4EE7-B0D4-91285F873336}.Debug|x64.Build.0 = Debug|Any CPU
		{BF736AD9-CB54-4EE7-B0D4-91285F873336}.Debug|x86.ActiveCfg = Debug|Any CPU
		{BF736AD9-CB54-4EE7-B0D4-91285F873336}.Debug|x86.Build.0 = Debug|Any CPU
		{BF736AD9-CB54-4EE7-B0D4-91285F873336}.Release|Any CPU.ActiveCfg = Release|Any CPU
		{BF736AD9-CB54-4EE7-B0D4-91285F873336}.Release|Any CPU.Build.0 = Release|Any CPU
		{BF736AD9-CB54-4EE7-B0D4-91285F873336}.Release|x64.ActiveCfg = Release|Any CPU
		{BF736AD9-CB54-4EE7-B0D4-91285F873336}.Release|x64.Build.0 = Release|Any CPU
		{BF736AD9-CB54-4EE7-B0D4-91285F873336}.Release|x86.ActiveCfg = Release|Any CPU
		{BF736AD9-CB54-4EE7-B0D4-91285F873336}.Release|x86.Build.0 = Release|Any CPU
		{DA8251EC-0A52-4534-AD89-5F55D4B835EF}.Debug|Any CPU.ActiveCfg = Debug|Any CPU
		{DA8251EC-0A52-4534-AD89-5F55D4B835EF}.Debug|Any CPU.Build.0 = Debug|Any CPU
		{DA8251EC-0A52-4534-AD89-5F55D4B835EF}.Debug|x64.ActiveCfg = Debug|Any CPU
		{DA8251EC-0A52-4534-AD89-5F55D4B835EF}.Debug|x64.Build.0 = Debug|Any CPU
		{DA8251EC-0A52-4534-AD89-5F55D4B835EF}.Debug|x86.ActiveCfg = Debug|Any CPU
		{DA8251EC-0A52-4534-AD89-5F55D4B835EF}.Debug|x86.Build.0 = Debug|Any CPU
		{DA8251EC-0A52-4534-AD89-5F55D4B835EF}.Release|Any CPU.ActiveCfg = Release|Any CPU
		{DA8251EC-0A52-4534-AD89-5F55D4B835EF}.Release|Any CPU.Build.0 = Release|Any CPU
		{DA8251EC-0A52-4534-AD89-5F55D4B835EF}.Release|x64.ActiveCfg = Release|Any CPU
		{DA8251EC-0A52-4534-AD89-5F55D4B835EF}.Release|x64.Build.0 = Release|Any CPU
		{DA8251EC-0A52-4534-AD89-5F55D4B835EF}.Release|x86.ActiveCfg = Release|Any CPU
		{DA8251EC-0A52-4534-AD89-5F55D4B835EF}.Release|x86.Build.0 = Release|Any CPU
		{5D06F039-2865-485F-A4E5-1D848703187E}.Debug|Any CPU.ActiveCfg = Debug|Any CPU
		{5D06F039-2865-485F-A4E5-1D848703187E}.Debug|Any CPU.Build.0 = Debug|Any CPU
		{5D06F039-2865-485F-A4E5-1D848703187E}.Debug|x64.ActiveCfg = Debug|Any CPU
		{5D06F039-2865-485F-A4E5-1D848703187E}.Debug|x64.Build.0 = Debug|Any CPU
		{5D06F039-2865-485F-A4E5-1D848703187E}.Debug|x86.ActiveCfg = Debug|Any CPU
		{5D06F039-2865-485F-A4E5-1D848703187E}.Debug|x86.Build.0 = Debug|Any CPU
		{5D06F039-2865-485F-A4E5-1D848703187E}.Release|Any CPU.ActiveCfg = Release|Any CPU
		{5D06F039-2865-485F-A4E5-1D848703187E}.Release|Any CPU.Build.0 = Release|Any CPU
		{5D06F039-2865-485F-A4E5-1D848703187E}.Release|x64.ActiveCfg = Release|Any CPU
		{5D06F039-2865-485F-A4E5-1D848703187E}.Release|x64.Build.0 = Release|Any CPU
		{5D06F039-2865-485F-A4E5-1D848703187E}.Release|x86.ActiveCfg = Release|Any CPU
		{5D06F039-2865-485F-A4E5-1D848703187E}.Release|x86.Build.0 = Release|Any CPU
		{D2D8F098-97BD-40DF-8250-195CE64C3676}.Debug|Any CPU.ActiveCfg = Debug|Any CPU
		{D2D8F098-97BD-40DF-8250-195CE64C3676}.Debug|Any CPU.Build.0 = Debug|Any CPU
		{D2D8F098-97BD-40DF-8250-195CE64C3676}.Debug|x64.ActiveCfg = Debug|Any CPU
		{D2D8F098-97BD-40DF-8250-195CE64C3676}.Debug|x64.Build.0 = Debug|Any CPU
		{D2D8F098-97BD-40DF-8250-195CE64C3676}.Debug|x86.ActiveCfg = Debug|Any CPU
		{D2D8F098-97BD-40DF-8250-195CE64C3676}.Debug|x86.Build.0 = Debug|Any CPU
		{D2D8F098-97BD-40DF-8250-195CE64C3676}.Release|Any CPU.ActiveCfg = Release|Any CPU
		{D2D8F098-97BD-40DF-8250-195CE64C3676}.Release|Any CPU.Build.0 = Release|Any CPU
		{D2D8F098-97BD-40DF-8250-195CE64C3676}.Release|x64.ActiveCfg = Release|Any CPU
		{D2D8F098-97BD-40DF-8250-195CE64C3676}.Release|x64.Build.0 = Release|Any CPU
		{D2D8F098-97BD-40DF-8250-195CE64C3676}.Release|x86.ActiveCfg = Release|Any CPU
		{D2D8F098-97BD-40DF-8250-195CE64C3676}.Release|x86.Build.0 = Release|Any CPU
		{D84C741C-C17A-4839-AF4A-A16964E0E27C}.Debug|Any CPU.ActiveCfg = Debug|Any CPU
		{D84C741C-C17A-4839-AF4A-A16964E0E27C}.Debug|Any CPU.Build.0 = Debug|Any CPU
		{D84C741C-C17A-4839-AF4A-A16964E0E27C}.Debug|x64.ActiveCfg = Debug|Any CPU
		{D84C741C-C17A-4839-AF4A-A16964E0E27C}.Debug|x64.Build.0 = Debug|Any CPU
		{D84C741C-C17A-4839-AF4A-A16964E0E27C}.Debug|x86.ActiveCfg = Debug|Any CPU
		{D84C741C-C17A-4839-AF4A-A16964E0E27C}.Debug|x86.Build.0 = Debug|Any CPU
		{D84C741C-C17A-4839-AF4A-A16964E0E27C}.Release|Any CPU.ActiveCfg = Release|Any CPU
		{D84C741C-C17A-4839-AF4A-A16964E0E27C}.Release|Any CPU.Build.0 = Release|Any CPU
		{D84C741C-C17A-4839-AF4A-A16964E0E27C}.Release|x64.ActiveCfg = Release|Any CPU
		{D84C741C-C17A-4839-AF4A-A16964E0E27C}.Release|x64.Build.0 = Release|Any CPU
		{D84C741C-C17A-4839-AF4A-A16964E0E27C}.Release|x86.ActiveCfg = Release|Any CPU
		{D84C741C-C17A-4839-AF4A-A16964E0E27C}.Release|x86.Build.0 = Release|Any CPU
		{F98D571D-32B1-4CCB-A57A-FD297A17A9FB}.Debug|Any CPU.ActiveCfg = Debug|Any CPU
		{F98D571D-32B1-4CCB-A57A-FD297A17A9FB}.Debug|Any CPU.Build.0 = Debug|Any CPU
		{F98D571D-32B1-4CCB-A57A-FD297A17A9FB}.Debug|x64.ActiveCfg = Debug|Any CPU
		{F98D571D-32B1-4CCB-A57A-FD297A17A9FB}.Debug|x64.Build.0 = Debug|Any CPU
		{F98D571D-32B1-4CCB-A57A-FD297A17A9FB}.Debug|x86.ActiveCfg = Debug|Any CPU
		{F98D571D-32B1-4CCB-A57A-FD297A17A9FB}.Debug|x86.Build.0 = Debug|Any CPU
		{F98D571D-32B1-4CCB-A57A-FD297A17A9FB}.Release|Any CPU.ActiveCfg = Release|Any CPU
		{F98D571D-32B1-4CCB-A57A-FD297A17A9FB}.Release|Any CPU.Build.0 = Release|Any CPU
		{F98D571D-32B1-4CCB-A57A-FD297A17A9FB}.Release|x64.ActiveCfg = Release|Any CPU
		{F98D571D-32B1-4CCB-A57A-FD297A17A9FB}.Release|x64.Build.0 = Release|Any CPU
		{F98D571D-32B1-4CCB-A57A-FD297A17A9FB}.Release|x86.ActiveCfg = Release|Any CPU
		{F98D571D-32B1-4CCB-A57A-FD297A17A9FB}.Release|x86.Build.0 = Release|Any CPU
		{8150FC06-0B83-46FF-ABD1-43EB12392C43}.Debug|Any CPU.ActiveCfg = Debug|Any CPU
		{8150FC06-0B83-46FF-ABD1-43EB12392C43}.Debug|Any CPU.Build.0 = Debug|Any CPU
		{8150FC06-0B83-46FF-ABD1-43EB12392C43}.Debug|x64.ActiveCfg = Debug|Any CPU
		{8150FC06-0B83-46FF-ABD1-43EB12392C43}.Debug|x64.Build.0 = Debug|Any CPU
		{8150FC06-0B83-46FF-ABD1-43EB12392C43}.Debug|x86.ActiveCfg = Debug|Any CPU
		{8150FC06-0B83-46FF-ABD1-43EB12392C43}.Debug|x86.Build.0 = Debug|Any CPU
		{8150FC06-0B83-46FF-ABD1-43EB12392C43}.Release|Any CPU.ActiveCfg = Release|Any CPU
		{8150FC06-0B83-46FF-ABD1-43EB12392C43}.Release|Any CPU.Build.0 = Release|Any CPU
		{8150FC06-0B83-46FF-ABD1-43EB12392C43}.Release|x64.ActiveCfg = Release|Any CPU
		{8150FC06-0B83-46FF-ABD1-43EB12392C43}.Release|x64.Build.0 = Release|Any CPU
		{8150FC06-0B83-46FF-ABD1-43EB12392C43}.Release|x86.ActiveCfg = Release|Any CPU
		{8150FC06-0B83-46FF-ABD1-43EB12392C43}.Release|x86.Build.0 = Release|Any CPU
		{6E2742BE-48A0-46AD-8D36-AFBD43A7398A}.Debug|Any CPU.ActiveCfg = Debug|Any CPU
		{6E2742BE-48A0-46AD-8D36-AFBD43A7398A}.Debug|Any CPU.Build.0 = Debug|Any CPU
		{6E2742BE-48A0-46AD-8D36-AFBD43A7398A}.Debug|x64.ActiveCfg = Debug|Any CPU
		{6E2742BE-48A0-46AD-8D36-AFBD43A7398A}.Debug|x64.Build.0 = Debug|Any CPU
		{6E2742BE-48A0-46AD-8D36-AFBD43A7398A}.Debug|x86.ActiveCfg = Debug|Any CPU
		{6E2742BE-48A0-46AD-8D36-AFBD43A7398A}.Debug|x86.Build.0 = Debug|Any CPU
		{6E2742BE-48A0-46AD-8D36-AFBD43A7398A}.Release|Any CPU.ActiveCfg = Release|Any CPU
		{6E2742BE-48A0-46AD-8D36-AFBD43A7398A}.Release|Any CPU.Build.0 = Release|Any CPU
		{6E2742BE-48A0-46AD-8D36-AFBD43A7398A}.Release|x64.ActiveCfg = Release|Any CPU
		{6E2742BE-48A0-46AD-8D36-AFBD43A7398A}.Release|x64.Build.0 = Release|Any CPU
		{6E2742BE-48A0-46AD-8D36-AFBD43A7398A}.Release|x86.ActiveCfg = Release|Any CPU
		{6E2742BE-48A0-46AD-8D36-AFBD43A7398A}.Release|x86.Build.0 = Release|Any CPU
		{A6FD8DDB-3F8A-4AF6-9286-91425705CF0F}.Debug|Any CPU.ActiveCfg = Debug|Any CPU
		{A6FD8DDB-3F8A-4AF6-9286-91425705CF0F}.Debug|Any CPU.Build.0 = Debug|Any CPU
		{A6FD8DDB-3F8A-4AF6-9286-91425705CF0F}.Debug|x64.ActiveCfg = Debug|Any CPU
		{A6FD8DDB-3F8A-4AF6-9286-91425705CF0F}.Debug|x64.Build.0 = Debug|Any CPU
		{A6FD8DDB-3F8A-4AF6-9286-91425705CF0F}.Debug|x86.ActiveCfg = Debug|Any CPU
		{A6FD8DDB-3F8A-4AF6-9286-91425705CF0F}.Debug|x86.Build.0 = Debug|Any CPU
		{A6FD8DDB-3F8A-4AF6-9286-91425705CF0F}.Release|Any CPU.ActiveCfg = Release|Any CPU
		{A6FD8DDB-3F8A-4AF6-9286-91425705CF0F}.Release|Any CPU.Build.0 = Release|Any CPU
		{A6FD8DDB-3F8A-4AF6-9286-91425705CF0F}.Release|x64.ActiveCfg = Release|Any CPU
		{A6FD8DDB-3F8A-4AF6-9286-91425705CF0F}.Release|x64.Build.0 = Release|Any CPU
		{A6FD8DDB-3F8A-4AF6-9286-91425705CF0F}.Release|x86.ActiveCfg = Release|Any CPU
		{A6FD8DDB-3F8A-4AF6-9286-91425705CF0F}.Release|x86.Build.0 = Release|Any CPU
		{2FF8B3B8-8807-42EF-B7A7-DEB42AEE38F5}.Debug|Any CPU.ActiveCfg = Debug|Any CPU
		{2FF8B3B8-8807-42EF-B7A7-DEB42AEE38F5}.Debug|Any CPU.Build.0 = Debug|Any CPU
		{2FF8B3B8-8807-42EF-B7A7-DEB42AEE38F5}.Debug|x64.ActiveCfg = Debug|Any CPU
		{2FF8B3B8-8807-42EF-B7A7-DEB42AEE38F5}.Debug|x64.Build.0 = Debug|Any CPU
		{2FF8B3B8-8807-42EF-B7A7-DEB42AEE38F5}.Debug|x86.ActiveCfg = Debug|Any CPU
		{2FF8B3B8-8807-42EF-B7A7-DEB42AEE38F5}.Debug|x86.Build.0 = Debug|Any CPU
		{2FF8B3B8-8807-42EF-B7A7-DEB42AEE38F5}.Release|Any CPU.ActiveCfg = Release|Any CPU
		{2FF8B3B8-8807-42EF-B7A7-DEB42AEE38F5}.Release|Any CPU.Build.0 = Release|Any CPU
		{2FF8B3B8-8807-42EF-B7A7-DEB42AEE38F5}.Release|x64.ActiveCfg = Release|Any CPU
		{2FF8B3B8-8807-42EF-B7A7-DEB42AEE38F5}.Release|x64.Build.0 = Release|Any CPU
		{2FF8B3B8-8807-42EF-B7A7-DEB42AEE38F5}.Release|x86.ActiveCfg = Release|Any CPU
		{2FF8B3B8-8807-42EF-B7A7-DEB42AEE38F5}.Release|x86.Build.0 = Release|Any CPU
		{C0BB7E8B-CE71-4EEF-BDC9-40E11649A72D}.Debug|Any CPU.ActiveCfg = Debug|Any CPU
		{C0BB7E8B-CE71-4EEF-BDC9-40E11649A72D}.Debug|Any CPU.Build.0 = Debug|Any CPU
		{C0BB7E8B-CE71-4EEF-BDC9-40E11649A72D}.Debug|x64.ActiveCfg = Debug|Any CPU
		{C0BB7E8B-CE71-4EEF-BDC9-40E11649A72D}.Debug|x64.Build.0 = Debug|Any CPU
		{C0BB7E8B-CE71-4EEF-BDC9-40E11649A72D}.Debug|x86.ActiveCfg = Debug|Any CPU
		{C0BB7E8B-CE71-4EEF-BDC9-40E11649A72D}.Debug|x86.Build.0 = Debug|Any CPU
		{C0BB7E8B-CE71-4EEF-BDC9-40E11649A72D}.Release|Any CPU.ActiveCfg = Release|Any CPU
		{C0BB7E8B-CE71-4EEF-BDC9-40E11649A72D}.Release|Any CPU.Build.0 = Release|Any CPU
		{C0BB7E8B-CE71-4EEF-BDC9-40E11649A72D}.Release|x64.ActiveCfg = Release|Any CPU
		{C0BB7E8B-CE71-4EEF-BDC9-40E11649A72D}.Release|x64.Build.0 = Release|Any CPU
		{C0BB7E8B-CE71-4EEF-BDC9-40E11649A72D}.Release|x86.ActiveCfg = Release|Any CPU
		{C0BB7E8B-CE71-4EEF-BDC9-40E11649A72D}.Release|x86.Build.0 = Release|Any CPU
		{E98C3E5A-A7CA-4C5F-BCA8-5B4F9950E6CE}.Debug|Any CPU.ActiveCfg = Debug|Any CPU
		{E98C3E5A-A7CA-4C5F-BCA8-5B4F9950E6CE}.Debug|Any CPU.Build.0 = Debug|Any CPU
		{E98C3E5A-A7CA-4C5F-BCA8-5B4F9950E6CE}.Debug|x64.ActiveCfg = Debug|Any CPU
		{E98C3E5A-A7CA-4C5F-BCA8-5B4F9950E6CE}.Debug|x64.Build.0 = Debug|Any CPU
		{E98C3E5A-A7CA-4C5F-BCA8-5B4F9950E6CE}.Debug|x86.ActiveCfg = Debug|Any CPU
		{E98C3E5A-A7CA-4C5F-BCA8-5B4F9950E6CE}.Debug|x86.Build.0 = Debug|Any CPU
		{E98C3E5A-A7CA-4C5F-BCA8-5B4F9950E6CE}.Release|Any CPU.ActiveCfg = Release|Any CPU
		{E98C3E5A-A7CA-4C5F-BCA8-5B4F9950E6CE}.Release|Any CPU.Build.0 = Release|Any CPU
		{E98C3E5A-A7CA-4C5F-BCA8-5B4F9950E6CE}.Release|x64.ActiveCfg = Release|Any CPU
		{E98C3E5A-A7CA-4C5F-BCA8-5B4F9950E6CE}.Release|x64.Build.0 = Release|Any CPU
		{E98C3E5A-A7CA-4C5F-BCA8-5B4F9950E6CE}.Release|x86.ActiveCfg = Release|Any CPU
		{E98C3E5A-A7CA-4C5F-BCA8-5B4F9950E6CE}.Release|x86.Build.0 = Release|Any CPU
		{A6E9CCF0-4692-4BB1-8845-80B44C140A70}.Debug|Any CPU.ActiveCfg = Debug|Any CPU
		{A6E9CCF0-4692-4BB1-8845-80B44C140A70}.Debug|Any CPU.Build.0 = Debug|Any CPU
		{A6E9CCF0-4692-4BB1-8845-80B44C140A70}.Debug|x64.ActiveCfg = Debug|Any CPU
		{A6E9CCF0-4692-4BB1-8845-80B44C140A70}.Debug|x64.Build.0 = Debug|Any CPU
		{A6E9CCF0-4692-4BB1-8845-80B44C140A70}.Debug|x86.ActiveCfg = Debug|Any CPU
		{A6E9CCF0-4692-4BB1-8845-80B44C140A70}.Debug|x86.Build.0 = Debug|Any CPU
		{A6E9CCF0-4692-4BB1-8845-80B44C140A70}.Release|Any CPU.ActiveCfg = Release|Any CPU
		{A6E9CCF0-4692-4BB1-8845-80B44C140A70}.Release|Any CPU.Build.0 = Release|Any CPU
		{A6E9CCF0-4692-4BB1-8845-80B44C140A70}.Release|x64.ActiveCfg = Release|Any CPU
		{A6E9CCF0-4692-4BB1-8845-80B44C140A70}.Release|x64.Build.0 = Release|Any CPU
		{A6E9CCF0-4692-4BB1-8845-80B44C140A70}.Release|x86.ActiveCfg = Release|Any CPU
		{A6E9CCF0-4692-4BB1-8845-80B44C140A70}.Release|x86.Build.0 = Release|Any CPU
		{115754CE-7B12-4128-AD77-92232EBE3420}.Debug|Any CPU.ActiveCfg = Debug|Any CPU
		{115754CE-7B12-4128-AD77-92232EBE3420}.Debug|Any CPU.Build.0 = Debug|Any CPU
		{115754CE-7B12-4128-AD77-92232EBE3420}.Debug|x64.ActiveCfg = Debug|Any CPU
		{115754CE-7B12-4128-AD77-92232EBE3420}.Debug|x64.Build.0 = Debug|Any CPU
		{115754CE-7B12-4128-AD77-92232EBE3420}.Debug|x86.ActiveCfg = Debug|Any CPU
		{115754CE-7B12-4128-AD77-92232EBE3420}.Debug|x86.Build.0 = Debug|Any CPU
		{115754CE-7B12-4128-AD77-92232EBE3420}.Release|Any CPU.ActiveCfg = Release|Any CPU
		{115754CE-7B12-4128-AD77-92232EBE3420}.Release|Any CPU.Build.0 = Release|Any CPU
		{115754CE-7B12-4128-AD77-92232EBE3420}.Release|x64.ActiveCfg = Release|Any CPU
		{115754CE-7B12-4128-AD77-92232EBE3420}.Release|x64.Build.0 = Release|Any CPU
		{115754CE-7B12-4128-AD77-92232EBE3420}.Release|x86.ActiveCfg = Release|Any CPU
		{115754CE-7B12-4128-AD77-92232EBE3420}.Release|x86.Build.0 = Release|Any CPU
		{3EEEE190-094B-4A4A-BBDD-C6424FD3B050}.Debug|Any CPU.ActiveCfg = Debug|Any CPU
		{3EEEE190-094B-4A4A-BBDD-C6424FD3B050}.Debug|Any CPU.Build.0 = Debug|Any CPU
		{3EEEE190-094B-4A4A-BBDD-C6424FD3B050}.Debug|x64.ActiveCfg = Debug|Any CPU
		{3EEEE190-094B-4A4A-BBDD-C6424FD3B050}.Debug|x64.Build.0 = Debug|Any CPU
		{3EEEE190-094B-4A4A-BBDD-C6424FD3B050}.Debug|x86.ActiveCfg = Debug|Any CPU
		{3EEEE190-094B-4A4A-BBDD-C6424FD3B050}.Debug|x86.Build.0 = Debug|Any CPU
		{3EEEE190-094B-4A4A-BBDD-C6424FD3B050}.Release|Any CPU.ActiveCfg = Release|Any CPU
		{3EEEE190-094B-4A4A-BBDD-C6424FD3B050}.Release|Any CPU.Build.0 = Release|Any CPU
		{3EEEE190-094B-4A4A-BBDD-C6424FD3B050}.Release|x64.ActiveCfg = Release|Any CPU
		{3EEEE190-094B-4A4A-BBDD-C6424FD3B050}.Release|x64.Build.0 = Release|Any CPU
		{3EEEE190-094B-4A4A-BBDD-C6424FD3B050}.Release|x86.ActiveCfg = Release|Any CPU
		{3EEEE190-094B-4A4A-BBDD-C6424FD3B050}.Release|x86.Build.0 = Release|Any CPU
		{8D007F05-816C-45E6-A991-B77FDDA9EC9F}.Debug|Any CPU.ActiveCfg = Debug|Any CPU
		{8D007F05-816C-45E6-A991-B77FDDA9EC9F}.Debug|Any CPU.Build.0 = Debug|Any CPU
		{8D007F05-816C-45E6-A991-B77FDDA9EC9F}.Debug|x64.ActiveCfg = Debug|Any CPU
		{8D007F05-816C-45E6-A991-B77FDDA9EC9F}.Debug|x64.Build.0 = Debug|Any CPU
		{8D007F05-816C-45E6-A991-B77FDDA9EC9F}.Debug|x86.ActiveCfg = Debug|Any CPU
		{8D007F05-816C-45E6-A991-B77FDDA9EC9F}.Debug|x86.Build.0 = Debug|Any CPU
		{8D007F05-816C-45E6-A991-B77FDDA9EC9F}.Release|Any CPU.ActiveCfg = Release|Any CPU
		{8D007F05-816C-45E6-A991-B77FDDA9EC9F}.Release|Any CPU.Build.0 = Release|Any CPU
		{8D007F05-816C-45E6-A991-B77FDDA9EC9F}.Release|x64.ActiveCfg = Release|Any CPU
		{8D007F05-816C-45E6-A991-B77FDDA9EC9F}.Release|x64.Build.0 = Release|Any CPU
		{8D007F05-816C-45E6-A991-B77FDDA9EC9F}.Release|x86.ActiveCfg = Release|Any CPU
		{8D007F05-816C-45E6-A991-B77FDDA9EC9F}.Release|x86.Build.0 = Release|Any CPU
		{7F04DDF4-B166-48F3-B6CD-206E8ED21D92}.Debug|Any CPU.ActiveCfg = Debug|Any CPU
		{7F04DDF4-B166-48F3-B6CD-206E8ED21D92}.Debug|Any CPU.Build.0 = Debug|Any CPU
		{7F04DDF4-B166-48F3-B6CD-206E8ED21D92}.Debug|x64.ActiveCfg = Debug|Any CPU
		{7F04DDF4-B166-48F3-B6CD-206E8ED21D92}.Debug|x64.Build.0 = Debug|Any CPU
		{7F04DDF4-B166-48F3-B6CD-206E8ED21D92}.Debug|x86.ActiveCfg = Debug|Any CPU
		{7F04DDF4-B166-48F3-B6CD-206E8ED21D92}.Debug|x86.Build.0 = Debug|Any CPU
		{7F04DDF4-B166-48F3-B6CD-206E8ED21D92}.Release|Any CPU.ActiveCfg = Release|Any CPU
		{7F04DDF4-B166-48F3-B6CD-206E8ED21D92}.Release|Any CPU.Build.0 = Release|Any CPU
		{7F04DDF4-B166-48F3-B6CD-206E8ED21D92}.Release|x64.ActiveCfg = Release|Any CPU
		{7F04DDF4-B166-48F3-B6CD-206E8ED21D92}.Release|x64.Build.0 = Release|Any CPU
		{7F04DDF4-B166-48F3-B6CD-206E8ED21D92}.Release|x86.ActiveCfg = Release|Any CPU
		{7F04DDF4-B166-48F3-B6CD-206E8ED21D92}.Release|x86.Build.0 = Release|Any CPU
		{101AF254-3AB3-44BD-932D-46733427E600}.Debug|Any CPU.ActiveCfg = Debug|Any CPU
		{101AF254-3AB3-44BD-932D-46733427E600}.Debug|Any CPU.Build.0 = Debug|Any CPU
		{101AF254-3AB3-44BD-932D-46733427E600}.Debug|x64.ActiveCfg = Debug|Any CPU
		{101AF254-3AB3-44BD-932D-46733427E600}.Debug|x64.Build.0 = Debug|Any CPU
		{101AF254-3AB3-44BD-932D-46733427E600}.Debug|x86.ActiveCfg = Debug|Any CPU
		{101AF254-3AB3-44BD-932D-46733427E600}.Debug|x86.Build.0 = Debug|Any CPU
		{101AF254-3AB3-44BD-932D-46733427E600}.Release|Any CPU.ActiveCfg = Release|Any CPU
		{101AF254-3AB3-44BD-932D-46733427E600}.Release|Any CPU.Build.0 = Release|Any CPU
		{101AF254-3AB3-44BD-932D-46733427E600}.Release|x64.ActiveCfg = Release|Any CPU
		{101AF254-3AB3-44BD-932D-46733427E600}.Release|x64.Build.0 = Release|Any CPU
		{101AF254-3AB3-44BD-932D-46733427E600}.Release|x86.ActiveCfg = Release|Any CPU
		{101AF254-3AB3-44BD-932D-46733427E600}.Release|x86.Build.0 = Release|Any CPU
		{55A96CA9-2FEF-4377-8C31-9D77263D7C3D}.Debug|Any CPU.ActiveCfg = Debug|Any CPU
		{55A96CA9-2FEF-4377-8C31-9D77263D7C3D}.Debug|Any CPU.Build.0 = Debug|Any CPU
		{55A96CA9-2FEF-4377-8C31-9D77263D7C3D}.Debug|x64.ActiveCfg = Debug|Any CPU
		{55A96CA9-2FEF-4377-8C31-9D77263D7C3D}.Debug|x64.Build.0 = Debug|Any CPU
		{55A96CA9-2FEF-4377-8C31-9D77263D7C3D}.Debug|x86.ActiveCfg = Debug|Any CPU
		{55A96CA9-2FEF-4377-8C31-9D77263D7C3D}.Debug|x86.Build.0 = Debug|Any CPU
		{55A96CA9-2FEF-4377-8C31-9D77263D7C3D}.Release|Any CPU.ActiveCfg = Release|Any CPU
		{55A96CA9-2FEF-4377-8C31-9D77263D7C3D}.Release|Any CPU.Build.0 = Release|Any CPU
		{55A96CA9-2FEF-4377-8C31-9D77263D7C3D}.Release|x64.ActiveCfg = Release|Any CPU
		{55A96CA9-2FEF-4377-8C31-9D77263D7C3D}.Release|x64.Build.0 = Release|Any CPU
		{55A96CA9-2FEF-4377-8C31-9D77263D7C3D}.Release|x86.ActiveCfg = Release|Any CPU
		{55A96CA9-2FEF-4377-8C31-9D77263D7C3D}.Release|x86.Build.0 = Release|Any CPU
		{462B6D6D-4687-4B70-956E-E0229E853916}.Debug|Any CPU.ActiveCfg = Debug|Any CPU
		{462B6D6D-4687-4B70-956E-E0229E853916}.Debug|Any CPU.Build.0 = Debug|Any CPU
		{462B6D6D-4687-4B70-956E-E0229E853916}.Debug|x64.ActiveCfg = Debug|Any CPU
		{462B6D6D-4687-4B70-956E-E0229E853916}.Debug|x64.Build.0 = Debug|Any CPU
		{462B6D6D-4687-4B70-956E-E0229E853916}.Debug|x86.ActiveCfg = Debug|Any CPU
		{462B6D6D-4687-4B70-956E-E0229E853916}.Debug|x86.Build.0 = Debug|Any CPU
		{462B6D6D-4687-4B70-956E-E0229E853916}.Release|Any CPU.ActiveCfg = Release|Any CPU
		{462B6D6D-4687-4B70-956E-E0229E853916}.Release|Any CPU.Build.0 = Release|Any CPU
		{462B6D6D-4687-4B70-956E-E0229E853916}.Release|x64.ActiveCfg = Release|Any CPU
		{462B6D6D-4687-4B70-956E-E0229E853916}.Release|x64.Build.0 = Release|Any CPU
		{462B6D6D-4687-4B70-956E-E0229E853916}.Release|x86.ActiveCfg = Release|Any CPU
		{462B6D6D-4687-4B70-956E-E0229E853916}.Release|x86.Build.0 = Release|Any CPU
		{156DEC8D-3734-4F92-9BD6-BD04C77F4CFF}.Debug|Any CPU.ActiveCfg = Debug|Any CPU
		{156DEC8D-3734-4F92-9BD6-BD04C77F4CFF}.Debug|Any CPU.Build.0 = Debug|Any CPU
		{156DEC8D-3734-4F92-9BD6-BD04C77F4CFF}.Debug|x64.ActiveCfg = Debug|Any CPU
		{156DEC8D-3734-4F92-9BD6-BD04C77F4CFF}.Debug|x64.Build.0 = Debug|Any CPU
		{156DEC8D-3734-4F92-9BD6-BD04C77F4CFF}.Debug|x86.ActiveCfg = Debug|Any CPU
		{156DEC8D-3734-4F92-9BD6-BD04C77F4CFF}.Debug|x86.Build.0 = Debug|Any CPU
		{156DEC8D-3734-4F92-9BD6-BD04C77F4CFF}.Release|Any CPU.ActiveCfg = Release|Any CPU
		{156DEC8D-3734-4F92-9BD6-BD04C77F4CFF}.Release|Any CPU.Build.0 = Release|Any CPU
		{156DEC8D-3734-4F92-9BD6-BD04C77F4CFF}.Release|x64.ActiveCfg = Release|Any CPU
		{156DEC8D-3734-4F92-9BD6-BD04C77F4CFF}.Release|x64.Build.0 = Release|Any CPU
		{156DEC8D-3734-4F92-9BD6-BD04C77F4CFF}.Release|x86.ActiveCfg = Release|Any CPU
		{156DEC8D-3734-4F92-9BD6-BD04C77F4CFF}.Release|x86.Build.0 = Release|Any CPU
		{D6372E86-B7F1-475F-9EB4-34746B0492E9}.Debug|Any CPU.ActiveCfg = Debug|Any CPU
		{D6372E86-B7F1-475F-9EB4-34746B0492E9}.Debug|Any CPU.Build.0 = Debug|Any CPU
		{D6372E86-B7F1-475F-9EB4-34746B0492E9}.Debug|x64.ActiveCfg = Debug|Any CPU
		{D6372E86-B7F1-475F-9EB4-34746B0492E9}.Debug|x64.Build.0 = Debug|Any CPU
		{D6372E86-B7F1-475F-9EB4-34746B0492E9}.Debug|x86.ActiveCfg = Debug|Any CPU
		{D6372E86-B7F1-475F-9EB4-34746B0492E9}.Debug|x86.Build.0 = Debug|Any CPU
		{D6372E86-B7F1-475F-9EB4-34746B0492E9}.Release|Any CPU.ActiveCfg = Release|Any CPU
		{D6372E86-B7F1-475F-9EB4-34746B0492E9}.Release|Any CPU.Build.0 = Release|Any CPU
		{D6372E86-B7F1-475F-9EB4-34746B0492E9}.Release|x64.ActiveCfg = Release|Any CPU
		{D6372E86-B7F1-475F-9EB4-34746B0492E9}.Release|x64.Build.0 = Release|Any CPU
		{D6372E86-B7F1-475F-9EB4-34746B0492E9}.Release|x86.ActiveCfg = Release|Any CPU
		{D6372E86-B7F1-475F-9EB4-34746B0492E9}.Release|x86.Build.0 = Release|Any CPU
		{9F09DC50-D409-4FBE-967C-1BE29A4673B7}.Debug|Any CPU.ActiveCfg = Debug|Any CPU
		{9F09DC50-D409-4FBE-967C-1BE29A4673B7}.Debug|Any CPU.Build.0 = Debug|Any CPU
		{9F09DC50-D409-4FBE-967C-1BE29A4673B7}.Debug|x64.ActiveCfg = Debug|Any CPU
		{9F09DC50-D409-4FBE-967C-1BE29A4673B7}.Debug|x64.Build.0 = Debug|Any CPU
		{9F09DC50-D409-4FBE-967C-1BE29A4673B7}.Debug|x86.ActiveCfg = Debug|Any CPU
		{9F09DC50-D409-4FBE-967C-1BE29A4673B7}.Debug|x86.Build.0 = Debug|Any CPU
		{9F09DC50-D409-4FBE-967C-1BE29A4673B7}.Release|Any CPU.ActiveCfg = Release|Any CPU
		{9F09DC50-D409-4FBE-967C-1BE29A4673B7}.Release|Any CPU.Build.0 = Release|Any CPU
		{9F09DC50-D409-4FBE-967C-1BE29A4673B7}.Release|x64.ActiveCfg = Release|Any CPU
		{9F09DC50-D409-4FBE-967C-1BE29A4673B7}.Release|x64.Build.0 = Release|Any CPU
		{9F09DC50-D409-4FBE-967C-1BE29A4673B7}.Release|x86.ActiveCfg = Release|Any CPU
		{9F09DC50-D409-4FBE-967C-1BE29A4673B7}.Release|x86.Build.0 = Release|Any CPU
		{D91DC331-280B-4130-9DB3-9BDBA6C12E79}.Debug|Any CPU.ActiveCfg = Debug|Any CPU
		{D91DC331-280B-4130-9DB3-9BDBA6C12E79}.Debug|Any CPU.Build.0 = Debug|Any CPU
		{D91DC331-280B-4130-9DB3-9BDBA6C12E79}.Debug|x64.ActiveCfg = Debug|Any CPU
		{D91DC331-280B-4130-9DB3-9BDBA6C12E79}.Debug|x64.Build.0 = Debug|Any CPU
		{D91DC331-280B-4130-9DB3-9BDBA6C12E79}.Debug|x86.ActiveCfg = Debug|Any CPU
		{D91DC331-280B-4130-9DB3-9BDBA6C12E79}.Debug|x86.Build.0 = Debug|Any CPU
		{D91DC331-280B-4130-9DB3-9BDBA6C12E79}.Release|Any CPU.ActiveCfg = Release|Any CPU
		{D91DC331-280B-4130-9DB3-9BDBA6C12E79}.Release|Any CPU.Build.0 = Release|Any CPU
		{D91DC331-280B-4130-9DB3-9BDBA6C12E79}.Release|x64.ActiveCfg = Release|Any CPU
		{D91DC331-280B-4130-9DB3-9BDBA6C12E79}.Release|x64.Build.0 = Release|Any CPU
		{D91DC331-280B-4130-9DB3-9BDBA6C12E79}.Release|x86.ActiveCfg = Release|Any CPU
		{D91DC331-280B-4130-9DB3-9BDBA6C12E79}.Release|x86.Build.0 = Release|Any CPU
		{62982381-9529-4F83-96B8-B21357C69798}.Debug|Any CPU.ActiveCfg = Debug|Any CPU
		{62982381-9529-4F83-96B8-B21357C69798}.Debug|Any CPU.Build.0 = Debug|Any CPU
		{62982381-9529-4F83-96B8-B21357C69798}.Debug|x64.ActiveCfg = Debug|Any CPU
		{62982381-9529-4F83-96B8-B21357C69798}.Debug|x64.Build.0 = Debug|Any CPU
		{62982381-9529-4F83-96B8-B21357C69798}.Debug|x86.ActiveCfg = Debug|Any CPU
		{62982381-9529-4F83-96B8-B21357C69798}.Debug|x86.Build.0 = Debug|Any CPU
		{62982381-9529-4F83-96B8-B21357C69798}.Release|Any CPU.ActiveCfg = Release|Any CPU
		{62982381-9529-4F83-96B8-B21357C69798}.Release|Any CPU.Build.0 = Release|Any CPU
		{62982381-9529-4F83-96B8-B21357C69798}.Release|x64.ActiveCfg = Release|Any CPU
		{62982381-9529-4F83-96B8-B21357C69798}.Release|x64.Build.0 = Release|Any CPU
		{62982381-9529-4F83-96B8-B21357C69798}.Release|x86.ActiveCfg = Release|Any CPU
		{62982381-9529-4F83-96B8-B21357C69798}.Release|x86.Build.0 = Release|Any CPU
		{745E1595-564A-45A7-ACA6-097C2E09420D}.Debug|Any CPU.ActiveCfg = Debug|Any CPU
		{745E1595-564A-45A7-ACA6-097C2E09420D}.Debug|Any CPU.Build.0 = Debug|Any CPU
		{745E1595-564A-45A7-ACA6-097C2E09420D}.Debug|x64.ActiveCfg = Debug|Any CPU
		{745E1595-564A-45A7-ACA6-097C2E09420D}.Debug|x64.Build.0 = Debug|Any CPU
		{745E1595-564A-45A7-ACA6-097C2E09420D}.Debug|x86.ActiveCfg = Debug|Any CPU
		{745E1595-564A-45A7-ACA6-097C2E09420D}.Debug|x86.Build.0 = Debug|Any CPU
		{745E1595-564A-45A7-ACA6-097C2E09420D}.Release|Any CPU.ActiveCfg = Release|Any CPU
		{745E1595-564A-45A7-ACA6-097C2E09420D}.Release|Any CPU.Build.0 = Release|Any CPU
		{745E1595-564A-45A7-ACA6-097C2E09420D}.Release|x64.ActiveCfg = Release|Any CPU
		{745E1595-564A-45A7-ACA6-097C2E09420D}.Release|x64.Build.0 = Release|Any CPU
		{745E1595-564A-45A7-ACA6-097C2E09420D}.Release|x86.ActiveCfg = Release|Any CPU
		{745E1595-564A-45A7-ACA6-097C2E09420D}.Release|x86.Build.0 = Release|Any CPU
		{F27E79C4-BF6B-4AC2-98B2-176DD6E90711}.Debug|Any CPU.ActiveCfg = Debug|Any CPU
		{F27E79C4-BF6B-4AC2-98B2-176DD6E90711}.Debug|Any CPU.Build.0 = Debug|Any CPU
		{F27E79C4-BF6B-4AC2-98B2-176DD6E90711}.Debug|x64.ActiveCfg = Debug|Any CPU
		{F27E79C4-BF6B-4AC2-98B2-176DD6E90711}.Debug|x64.Build.0 = Debug|Any CPU
		{F27E79C4-BF6B-4AC2-98B2-176DD6E90711}.Debug|x86.ActiveCfg = Debug|Any CPU
		{F27E79C4-BF6B-4AC2-98B2-176DD6E90711}.Debug|x86.Build.0 = Debug|Any CPU
		{F27E79C4-BF6B-4AC2-98B2-176DD6E90711}.Release|Any CPU.ActiveCfg = Release|Any CPU
		{F27E79C4-BF6B-4AC2-98B2-176DD6E90711}.Release|Any CPU.Build.0 = Release|Any CPU
		{F27E79C4-BF6B-4AC2-98B2-176DD6E90711}.Release|x64.ActiveCfg = Release|Any CPU
		{F27E79C4-BF6B-4AC2-98B2-176DD6E90711}.Release|x64.Build.0 = Release|Any CPU
		{F27E79C4-BF6B-4AC2-98B2-176DD6E90711}.Release|x86.ActiveCfg = Release|Any CPU
		{F27E79C4-BF6B-4AC2-98B2-176DD6E90711}.Release|x86.Build.0 = Release|Any CPU
		{A5CC8F2A-8DD5-4DCD-82A8-89FAC9B3D4DE}.Debug|Any CPU.ActiveCfg = Debug|Any CPU
		{A5CC8F2A-8DD5-4DCD-82A8-89FAC9B3D4DE}.Debug|Any CPU.Build.0 = Debug|Any CPU
		{A5CC8F2A-8DD5-4DCD-82A8-89FAC9B3D4DE}.Debug|x64.ActiveCfg = Debug|Any CPU
		{A5CC8F2A-8DD5-4DCD-82A8-89FAC9B3D4DE}.Debug|x64.Build.0 = Debug|Any CPU
		{A5CC8F2A-8DD5-4DCD-82A8-89FAC9B3D4DE}.Debug|x86.ActiveCfg = Debug|Any CPU
		{A5CC8F2A-8DD5-4DCD-82A8-89FAC9B3D4DE}.Debug|x86.Build.0 = Debug|Any CPU
		{A5CC8F2A-8DD5-4DCD-82A8-89FAC9B3D4DE}.Release|Any CPU.ActiveCfg = Release|Any CPU
		{A5CC8F2A-8DD5-4DCD-82A8-89FAC9B3D4DE}.Release|Any CPU.Build.0 = Release|Any CPU
		{A5CC8F2A-8DD5-4DCD-82A8-89FAC9B3D4DE}.Release|x64.ActiveCfg = Release|Any CPU
		{A5CC8F2A-8DD5-4DCD-82A8-89FAC9B3D4DE}.Release|x64.Build.0 = Release|Any CPU
		{A5CC8F2A-8DD5-4DCD-82A8-89FAC9B3D4DE}.Release|x86.ActiveCfg = Release|Any CPU
		{A5CC8F2A-8DD5-4DCD-82A8-89FAC9B3D4DE}.Release|x86.Build.0 = Release|Any CPU
		{619753A8-B9F2-4450-9C04-05BC2AF19AC3}.Debug|Any CPU.ActiveCfg = Debug|Any CPU
		{619753A8-B9F2-4450-9C04-05BC2AF19AC3}.Debug|Any CPU.Build.0 = Debug|Any CPU
		{619753A8-B9F2-4450-9C04-05BC2AF19AC3}.Debug|x64.ActiveCfg = Debug|Any CPU
		{619753A8-B9F2-4450-9C04-05BC2AF19AC3}.Debug|x64.Build.0 = Debug|Any CPU
		{619753A8-B9F2-4450-9C04-05BC2AF19AC3}.Debug|x86.ActiveCfg = Debug|Any CPU
		{619753A8-B9F2-4450-9C04-05BC2AF19AC3}.Debug|x86.Build.0 = Debug|Any CPU
		{619753A8-B9F2-4450-9C04-05BC2AF19AC3}.Release|Any CPU.ActiveCfg = Release|Any CPU
		{619753A8-B9F2-4450-9C04-05BC2AF19AC3}.Release|Any CPU.Build.0 = Release|Any CPU
		{619753A8-B9F2-4450-9C04-05BC2AF19AC3}.Release|x64.ActiveCfg = Release|Any CPU
		{619753A8-B9F2-4450-9C04-05BC2AF19AC3}.Release|x64.Build.0 = Release|Any CPU
		{619753A8-B9F2-4450-9C04-05BC2AF19AC3}.Release|x86.ActiveCfg = Release|Any CPU
		{619753A8-B9F2-4450-9C04-05BC2AF19AC3}.Release|x86.Build.0 = Release|Any CPU
		{4F221B6C-1CEB-4E79-9630-3EC1B5CCB38A}.Debug|Any CPU.ActiveCfg = Debug|Any CPU
		{4F221B6C-1CEB-4E79-9630-3EC1B5CCB38A}.Debug|Any CPU.Build.0 = Debug|Any CPU
		{4F221B6C-1CEB-4E79-9630-3EC1B5CCB38A}.Debug|x64.ActiveCfg = Debug|Any CPU
		{4F221B6C-1CEB-4E79-9630-3EC1B5CCB38A}.Debug|x64.Build.0 = Debug|Any CPU
		{4F221B6C-1CEB-4E79-9630-3EC1B5CCB38A}.Debug|x86.ActiveCfg = Debug|Any CPU
		{4F221B6C-1CEB-4E79-9630-3EC1B5CCB38A}.Debug|x86.Build.0 = Debug|Any CPU
		{4F221B6C-1CEB-4E79-9630-3EC1B5CCB38A}.Release|Any CPU.ActiveCfg = Release|Any CPU
		{4F221B6C-1CEB-4E79-9630-3EC1B5CCB38A}.Release|Any CPU.Build.0 = Release|Any CPU
		{4F221B6C-1CEB-4E79-9630-3EC1B5CCB38A}.Release|x64.ActiveCfg = Release|Any CPU
		{4F221B6C-1CEB-4E79-9630-3EC1B5CCB38A}.Release|x64.Build.0 = Release|Any CPU
		{4F221B6C-1CEB-4E79-9630-3EC1B5CCB38A}.Release|x86.ActiveCfg = Release|Any CPU
		{4F221B6C-1CEB-4E79-9630-3EC1B5CCB38A}.Release|x86.Build.0 = Release|Any CPU
		{0B863178-A3F2-4974-AD18-227395D68374}.Debug|Any CPU.ActiveCfg = Debug|Any CPU
		{0B863178-A3F2-4974-AD18-227395D68374}.Debug|Any CPU.Build.0 = Debug|Any CPU
		{0B863178-A3F2-4974-AD18-227395D68374}.Debug|x64.ActiveCfg = Debug|Any CPU
		{0B863178-A3F2-4974-AD18-227395D68374}.Debug|x64.Build.0 = Debug|Any CPU
		{0B863178-A3F2-4974-AD18-227395D68374}.Debug|x86.ActiveCfg = Debug|Any CPU
		{0B863178-A3F2-4974-AD18-227395D68374}.Debug|x86.Build.0 = Debug|Any CPU
		{0B863178-A3F2-4974-AD18-227395D68374}.Release|Any CPU.ActiveCfg = Release|Any CPU
		{0B863178-A3F2-4974-AD18-227395D68374}.Release|Any CPU.Build.0 = Release|Any CPU
		{0B863178-A3F2-4974-AD18-227395D68374}.Release|x64.ActiveCfg = Release|Any CPU
		{0B863178-A3F2-4974-AD18-227395D68374}.Release|x64.Build.0 = Release|Any CPU
		{0B863178-A3F2-4974-AD18-227395D68374}.Release|x86.ActiveCfg = Release|Any CPU
		{0B863178-A3F2-4974-AD18-227395D68374}.Release|x86.Build.0 = Release|Any CPU
		{55CCAC75-9B4B-46F8-A281-650CDFCB3067}.Debug|Any CPU.ActiveCfg = Debug|Any CPU
		{55CCAC75-9B4B-46F8-A281-650CDFCB3067}.Debug|Any CPU.Build.0 = Debug|Any CPU
		{55CCAC75-9B4B-46F8-A281-650CDFCB3067}.Debug|x64.ActiveCfg = Debug|Any CPU
		{55CCAC75-9B4B-46F8-A281-650CDFCB3067}.Debug|x64.Build.0 = Debug|Any CPU
		{55CCAC75-9B4B-46F8-A281-650CDFCB3067}.Debug|x86.ActiveCfg = Debug|Any CPU
		{55CCAC75-9B4B-46F8-A281-650CDFCB3067}.Debug|x86.Build.0 = Debug|Any CPU
		{55CCAC75-9B4B-46F8-A281-650CDFCB3067}.Release|Any CPU.ActiveCfg = Release|Any CPU
		{55CCAC75-9B4B-46F8-A281-650CDFCB3067}.Release|Any CPU.Build.0 = Release|Any CPU
		{55CCAC75-9B4B-46F8-A281-650CDFCB3067}.Release|x64.ActiveCfg = Release|Any CPU
		{55CCAC75-9B4B-46F8-A281-650CDFCB3067}.Release|x64.Build.0 = Release|Any CPU
		{55CCAC75-9B4B-46F8-A281-650CDFCB3067}.Release|x86.ActiveCfg = Release|Any CPU
		{55CCAC75-9B4B-46F8-A281-650CDFCB3067}.Release|x86.Build.0 = Release|Any CPU
		{8BBB5C45-2BF6-4712-839C-A14D583B8B2D}.Debug|Any CPU.ActiveCfg = Debug|Any CPU
		{8BBB5C45-2BF6-4712-839C-A14D583B8B2D}.Debug|Any CPU.Build.0 = Debug|Any CPU
		{8BBB5C45-2BF6-4712-839C-A14D583B8B2D}.Debug|x64.ActiveCfg = Debug|Any CPU
		{8BBB5C45-2BF6-4712-839C-A14D583B8B2D}.Debug|x64.Build.0 = Debug|Any CPU
		{8BBB5C45-2BF6-4712-839C-A14D583B8B2D}.Debug|x86.ActiveCfg = Debug|Any CPU
		{8BBB5C45-2BF6-4712-839C-A14D583B8B2D}.Debug|x86.Build.0 = Debug|Any CPU
		{8BBB5C45-2BF6-4712-839C-A14D583B8B2D}.Release|Any CPU.ActiveCfg = Release|Any CPU
		{8BBB5C45-2BF6-4712-839C-A14D583B8B2D}.Release|Any CPU.Build.0 = Release|Any CPU
		{8BBB5C45-2BF6-4712-839C-A14D583B8B2D}.Release|x64.ActiveCfg = Release|Any CPU
		{8BBB5C45-2BF6-4712-839C-A14D583B8B2D}.Release|x64.Build.0 = Release|Any CPU
		{8BBB5C45-2BF6-4712-839C-A14D583B8B2D}.Release|x86.ActiveCfg = Release|Any CPU
		{8BBB5C45-2BF6-4712-839C-A14D583B8B2D}.Release|x86.Build.0 = Release|Any CPU
		{20322E79-75FD-4282-B0A0-F1AA3F20357E}.Debug|Any CPU.ActiveCfg = Debug|Any CPU
		{20322E79-75FD-4282-B0A0-F1AA3F20357E}.Debug|Any CPU.Build.0 = Debug|Any CPU
		{20322E79-75FD-4282-B0A0-F1AA3F20357E}.Debug|x64.ActiveCfg = Debug|Any CPU
		{20322E79-75FD-4282-B0A0-F1AA3F20357E}.Debug|x64.Build.0 = Debug|Any CPU
		{20322E79-75FD-4282-B0A0-F1AA3F20357E}.Debug|x86.ActiveCfg = Debug|Any CPU
		{20322E79-75FD-4282-B0A0-F1AA3F20357E}.Debug|x86.Build.0 = Debug|Any CPU
		{20322E79-75FD-4282-B0A0-F1AA3F20357E}.Release|Any CPU.ActiveCfg = Release|Any CPU
		{20322E79-75FD-4282-B0A0-F1AA3F20357E}.Release|Any CPU.Build.0 = Release|Any CPU
		{20322E79-75FD-4282-B0A0-F1AA3F20357E}.Release|x64.ActiveCfg = Release|Any CPU
		{20322E79-75FD-4282-B0A0-F1AA3F20357E}.Release|x64.Build.0 = Release|Any CPU
		{20322E79-75FD-4282-B0A0-F1AA3F20357E}.Release|x86.ActiveCfg = Release|Any CPU
		{20322E79-75FD-4282-B0A0-F1AA3F20357E}.Release|x86.Build.0 = Release|Any CPU
		{9D4D0AF1-87C8-4D15-BF6F-4C2647C4BB9C}.Debug|Any CPU.ActiveCfg = Debug|Any CPU
		{9D4D0AF1-87C8-4D15-BF6F-4C2647C4BB9C}.Debug|Any CPU.Build.0 = Debug|Any CPU
		{9D4D0AF1-87C8-4D15-BF6F-4C2647C4BB9C}.Debug|x64.ActiveCfg = Debug|Any CPU
		{9D4D0AF1-87C8-4D15-BF6F-4C2647C4BB9C}.Debug|x64.Build.0 = Debug|Any CPU
		{9D4D0AF1-87C8-4D15-BF6F-4C2647C4BB9C}.Debug|x86.ActiveCfg = Debug|Any CPU
		{9D4D0AF1-87C8-4D15-BF6F-4C2647C4BB9C}.Debug|x86.Build.0 = Debug|Any CPU
		{9D4D0AF1-87C8-4D15-BF6F-4C2647C4BB9C}.Release|Any CPU.ActiveCfg = Release|Any CPU
		{9D4D0AF1-87C8-4D15-BF6F-4C2647C4BB9C}.Release|Any CPU.Build.0 = Release|Any CPU
		{9D4D0AF1-87C8-4D15-BF6F-4C2647C4BB9C}.Release|x64.ActiveCfg = Release|Any CPU
		{9D4D0AF1-87C8-4D15-BF6F-4C2647C4BB9C}.Release|x64.Build.0 = Release|Any CPU
		{9D4D0AF1-87C8-4D15-BF6F-4C2647C4BB9C}.Release|x86.ActiveCfg = Release|Any CPU
		{9D4D0AF1-87C8-4D15-BF6F-4C2647C4BB9C}.Release|x86.Build.0 = Release|Any CPU
	EndGlobalSection
	GlobalSection(SolutionProperties) = preSolution
		HideSolutionNode = FALSE
	EndGlobalSection
	GlobalSection(NestedProjects) = preSolution
		{C5EA46D6-09EC-475E-8593-A5C6CA29FC97} = {827E0CD3-B72D-47B6-A68D-7590B98EB39B}
		{462B6D6D-4687-4B70-956E-E0229E853916} = {C5EA46D6-09EC-475E-8593-A5C6CA29FC97}
		{4F221B6C-1CEB-4E79-9630-3EC1B5CCB38A} = {C5EA46D6-09EC-475E-8593-A5C6CA29FC97}
		{D91DC331-280B-4130-9DB3-9BDBA6C12E79} = {C5EA46D6-09EC-475E-8593-A5C6CA29FC97}
		{8D007F05-816C-45E6-A991-B77FDDA9EC9F} = {C5EA46D6-09EC-475E-8593-A5C6CA29FC97}
		{156DEC8D-3734-4F92-9BD6-BD04C77F4CFF} = {C5EA46D6-09EC-475E-8593-A5C6CA29FC97}
		{7F04DDF4-B166-48F3-B6CD-206E8ED21D92} = {C5EA46D6-09EC-475E-8593-A5C6CA29FC97}
		{101AF254-3AB3-44BD-932D-46733427E600} = {C5EA46D6-09EC-475E-8593-A5C6CA29FC97}
		{619753A8-B9F2-4450-9C04-05BC2AF19AC3} = {C5EA46D6-09EC-475E-8593-A5C6CA29FC97}
		{55A96CA9-2FEF-4377-8C31-9D77263D7C3D} = {C5EA46D6-09EC-475E-8593-A5C6CA29FC97}
		{6B61C543-6F92-4B1A-89AB-846B764B6600} = {827E0CD3-B72D-47B6-A68D-7590B98EB39B}
		{7990F0D8-AAD9-46F6-AA2E-2C537A7105BA} = {6B61C543-6F92-4B1A-89AB-846B764B6600}
		{C0BB7E8B-CE71-4EEF-BDC9-40E11649A72D} = {6B61C543-6F92-4B1A-89AB-846B764B6600}
		{D6372E86-B7F1-475F-9EB4-34746B0492E9} = {6B61C543-6F92-4B1A-89AB-846B764B6600}
		{D84C741C-C17A-4839-AF4A-A16964E0E27C} = {6B61C543-6F92-4B1A-89AB-846B764B6600}
		{332A3232-DF45-41DE-A9D8-F7FA21E2CC9B} = {827E0CD3-B72D-47B6-A68D-7590B98EB39B}
		{A6E9CCF0-4692-4BB1-8845-80B44C140A70} = {332A3232-DF45-41DE-A9D8-F7FA21E2CC9B}
		{745E1595-564A-45A7-ACA6-097C2E09420D} = {332A3232-DF45-41DE-A9D8-F7FA21E2CC9B}
		{2FF8B3B8-8807-42EF-B7A7-DEB42AEE38F5} = {332A3232-DF45-41DE-A9D8-F7FA21E2CC9B}
		{3EEEE190-094B-4A4A-BBDD-C6424FD3B050} = {332A3232-DF45-41DE-A9D8-F7FA21E2CC9B}
		{E98C3E5A-A7CA-4C5F-BCA8-5B4F9950E6CE} = {332A3232-DF45-41DE-A9D8-F7FA21E2CC9B}
		{0B863178-A3F2-4974-AD18-227395D68374} = {332A3232-DF45-41DE-A9D8-F7FA21E2CC9B}
		{BF736AD9-CB54-4EE7-B0D4-91285F873336} = {332A3232-DF45-41DE-A9D8-F7FA21E2CC9B}
		{8BBB5C45-2BF6-4712-839C-A14D583B8B2D} = {332A3232-DF45-41DE-A9D8-F7FA21E2CC9B}
		{55CCAC75-9B4B-46F8-A281-650CDFCB3067} = {332A3232-DF45-41DE-A9D8-F7FA21E2CC9B}
		{215DEBF0-808E-44B7-9770-2AC14A633584} = {827E0CD3-B72D-47B6-A68D-7590B98EB39B}
		{8150FC06-0B83-46FF-ABD1-43EB12392C43} = {215DEBF0-808E-44B7-9770-2AC14A633584}
		{62982381-9529-4F83-96B8-B21357C69798} = {215DEBF0-808E-44B7-9770-2AC14A633584}
		{115754CE-7B12-4128-AD77-92232EBE3420} = {215DEBF0-808E-44B7-9770-2AC14A633584}
		{F98D571D-32B1-4CCB-A57A-FD297A17A9FB} = {215DEBF0-808E-44B7-9770-2AC14A633584}
		{6E2742BE-48A0-46AD-8D36-AFBD43A7398A} = {215DEBF0-808E-44B7-9770-2AC14A633584}
		{5D06F039-2865-485F-A4E5-1D848703187E} = {215DEBF0-808E-44B7-9770-2AC14A633584}
		{DA8251EC-0A52-4534-AD89-5F55D4B835EF} = {215DEBF0-808E-44B7-9770-2AC14A633584}
		{F27E79C4-BF6B-4AC2-98B2-176DD6E90711} = {215DEBF0-808E-44B7-9770-2AC14A633584}
		{D2D8F098-97BD-40DF-8250-195CE64C3676} = {215DEBF0-808E-44B7-9770-2AC14A633584}
		{E0710DBC-BB40-4B4F-943E-1D6613946540} = {827E0CD3-B72D-47B6-A68D-7590B98EB39B}
		{C1583CE4-9B8A-4949-AC52-3E23C6F14B58} = {E0710DBC-BB40-4B4F-943E-1D6613946540}
		{A6FD8DDB-3F8A-4AF6-9286-91425705CF0F} = {E0710DBC-BB40-4B4F-943E-1D6613946540}
		{607C5AAB-A78E-4C2F-B68E-AB7441F5D46A} = {E0710DBC-BB40-4B4F-943E-1D6613946540}
		{4374C9AF-7B38-4AF1-83B3-26AB88CA9B25} = {E0710DBC-BB40-4B4F-943E-1D6613946540}
		{6445D36A-172C-4038-A8B4-EB8B68E6C91C} = {E0710DBC-BB40-4B4F-943E-1D6613946540}
		{9F09DC50-D409-4FBE-967C-1BE29A4673B7} = {E0710DBC-BB40-4B4F-943E-1D6613946540}
		{84DFF4E3-1582-4D20-B513-00259A93CA8A} = {E0710DBC-BB40-4B4F-943E-1D6613946540}
		{A5CC8F2A-8DD5-4DCD-82A8-89FAC9B3D4DE} = {827E0CD3-B72D-47B6-A68D-7590B98EB39B}
		{20322E79-75FD-4282-B0A0-F1AA3F20357E} = {3D160829-9A46-43EA-AD6E-A47311D239B0}
		{9D4D0AF1-87C8-4D15-BF6F-4C2647C4BB9C} = {3D160829-9A46-43EA-AD6E-A47311D239B0}
	EndGlobalSection
EndGlobal
